// !$*UTF8*$!
{
	archiveVersion = 1;
	classes = {
	};
	objectVersion = 54;
	objects = {

/* Begin PBXBuildFile section */
		"08AD91EC-6ECF-4AFC-9D2A-B44CFC635381" /* Renderer.cpp in Sources */ = {isa = PBXBuildFile; fileRef = "9C00E919-D72B-4174-B23A-862330049F1D" /* Renderer.cpp */; };
		"0E1B45EA-CF00-44FE-B19C-86B05A2E5FA0" /* Sphere.cpp in Sources */ = {isa = PBXBuildFile; fileRef = "5FDB6637-DB04-4D16-B108-BA0375A4C6A1" /* Sphere.cpp */; };
		"12B3F17F-4A38-4BC1-B537-886E23017F88" /* ofxColorPicker.cpp in Sources */ = {isa = PBXBuildFile; fileRef = "812AC314-27FB-449B-A3E3-ADB80896DBCC" /* ofxColorPicker.cpp */; };
		"1637E94A-5DA6-485E-90AD-FC6B825F03B2" /* ofxSlider.cpp in Sources */ = {isa = PBXBuildFile; fileRef = "AD08EE6F-7CE1-4FB2-8F9F-84AE0F0E779A" /* ofxSlider.cpp */; };
		"198AC54B-0F42-4D67-9C3D-F95DF6EBD4D8" /* ofxPanel.cpp in Sources */ = {isa = PBXBuildFile; fileRef = "24492486-CA38-4CF1-980F-E9AA56A25FDA" /* ofxPanel.cpp */; };
		"1D9EA036-58E7-4157-B946-AF94F6C5ACC9" /* ofxDatGuiComponent.cpp in Sources */ = {isa = PBXBuildFile; fileRef = "8441BC3D-05C6-40CF-B82D-1F51B6378E96" /* ofxDatGuiComponent.cpp */; };
		"2716C542-2339-463F-BC03-D20EF577D519" /* Image.cpp in Sources */ = {isa = PBXBuildFile; fileRef = "5D814F3B-C999-49A8-8A78-BFEBB3061101" /* Image.cpp */; };
		"2ACA1314-835F-431D-BCED-13524EBA673D" /* GUI.cpp in Sources */ = {isa = PBXBuildFile; fileRef = "28971CC1-DC3F-4275-9714-B2B2B969D6E6" /* GUI.cpp */; };
		"2FFD4C25-934D-4351-9037-F61D60662D81" /* Cone.cpp in Sources */ = {isa = PBXBuildFile; fileRef = "2BA25291-D0A9-48C1-B88C-6268FBD5FEED" /* Cone.cpp */; };
		"35F8293D-EAAE-424B-B14C-4258FBF18F83" /* ofxButton.cpp in Sources */ = {isa = PBXBuildFile; fileRef = "4C16E57C-94F0-4848-B007-D2141A5C276F" /* ofxButton.cpp */; };
		"3A4EE295-D197-4778-91D1-A1B46B663968" /* MouseEventHandler.cpp in Sources */ = {isa = PBXBuildFile; fileRef = "3B548E29-5AD9-43C2-9459-DB00470B53B2" /* MouseEventHandler.cpp */; };
		"3AD2C1B8-20F5-4CD8-9EB1-5F98F18823A6" /* User_Camera_Movement.cpp in Sources */ = {isa = PBXBuildFile; fileRef = "C61B0737-2F41-4314-AF9D-E3E2A43EE749" /* User_Camera_Movement.cpp */; };
		"3E187E76-3981-4909-A857-EABEAE9BAF62" /* Configuration.cpp in Sources */ = {isa = PBXBuildFile; fileRef = "FB592A5D-BF92-4A93-824A-B0EB0A061036" /* Configuration.cpp */; };
		"4508354C-C5D1-42B0-9030-EE24BA12F8E5" /* ofxAssimpMeshHelper.cpp in Sources */ = {isa = PBXBuildFile; fileRef = "65359603-2427-4399-B65F-6F03E84ED0AE" /* ofxAssimpMeshHelper.cpp */; };
		"47F68DFF-3679-43F7-B207-124B625098B4" /* WindowResizedEventHandler.cpp in Sources */ = {isa = PBXBuildFile; fileRef = "6C612760-887E-4150-8A68-DCE9C1C5B18C" /* WindowResizedEventHandler.cpp */; };
		"51934F9D-79A9-46E9-8898-ED50EDC7B177" /* ofxLabel.cpp in Sources */ = {isa = PBXBuildFile; fileRef = "029A039A-BDF2-4984-A2BB-4E11BE4CA334" /* ofxLabel.cpp */; };
		"58D4D943-1F84-40FD-B8E5-594A25C2532D" /* ofxGuiGroup.cpp in Sources */ = {isa = PBXBuildFile; fileRef = "B0C0559A-04A3-497A-856E-DD4283DB7C21" /* ofxGuiGroup.cpp */; };
		"5DDA7318-42DE-4B73-9207-E0CEB8ED369B" /* KeyEventHandler.cpp in Sources */ = {isa = PBXBuildFile; fileRef = "E381F3E4-0A92-48BC-B540-3612562BE56E" /* KeyEventHandler.cpp */; };
		"682A17F5-0B06-4BE3-B92F-B34E79FE1BDF" /* Top_Right_GUI.cpp in Sources */ = {isa = PBXBuildFile; fileRef = "B0B05980-A081-42BC-B640-37BFD0220CFF" /* Top_Right_GUI.cpp */; };
		"69187953-DC1E-4FA9-BA64-80370864381B" /* Object3D.cpp in Sources */ = {isa = PBXBuildFile; fileRef = "7ABB9F9D-F1CA-416E-9D70-298168F981DD" /* Object3D.cpp */; };
		"6E226472-0671-4830-B6BF-559E5DF53F01" /* ofxInputField.cpp in Sources */ = {isa = PBXBuildFile; fileRef = "0B913A32-3BD1-4806-B358-B457C13B1D55" /* ofxInputField.cpp */; };
		"72D00358-B70C-414E-B771-3F20BFA9E1F1" /* Scene.cpp in Sources */ = {isa = PBXBuildFile; fileRef = "C8189423-38B1-4487-B5EB-BB99EF423D3B" /* Scene.cpp */; };
		"80692F6D-8788-4F1F-B690-DCB0D47241A7" /* Bottom_Right_GUI.cpp in Sources */ = {isa = PBXBuildFile; fileRef = "364FCC4B-96F0-40C0-AF75-7B1EB10EF76B" /* Bottom_Right_GUI.cpp */; };
		"8EB3D132-D041-41EE-9C0C-5774B2BF59DA" /* Cursor.cpp in Sources */ = {isa = PBXBuildFile; fileRef = "076F22CE-1055-4885-8C88-1A52903D6DA2" /* Cursor.cpp */; };
		"93049836-E7D0-4A8E-8F48-8D3429C13C14" /* Grid.cpp in Sources */ = {isa = PBXBuildFile; fileRef = "C70F1FE2-35AA-47DA-A95E-A376F6730105" /* Grid.cpp */; };
		"9775A505-5BCC-4F7C-89B9-7EE11C2D54C1" /* DragEventHandler.cpp in Sources */ = {isa = PBXBuildFile; fileRef = "A43C4D29-F6E9-408E-B9FC-41433B0A5079" /* DragEventHandler.cpp */; };
		"A2ABD4E2-32C0-484B-BFD6-BF256A83E9E3" /* ofxDatGui.cpp in Sources */ = {isa = PBXBuildFile; fileRef = "8629EB10-E4DD-4220-96B0-4A15591F0290" /* ofxDatGui.cpp */; };
		"AA55921E-AFC1-4B4E-B0FE-396960CA673D" /* ofxAssimpAnimation.cpp in Sources */ = {isa = PBXBuildFile; fileRef = "52B47E91-2F00-4416-8047-6866F5E81EE6" /* ofxAssimpAnimation.cpp */; };
		"ADB4003F-8BCD-42A1-BEC8-5922874D6143" /* Top_Left_GUI.cpp in Sources */ = {isa = PBXBuildFile; fileRef = "B023CAD8-1765-489E-8509-5596FE1A2781" /* Top_Left_GUI.cpp */; };
		"AE403937-CFD9-494D-B513-DFADB24C7703" /* primitiveObject.cpp in Sources */ = {isa = PBXBuildFile; fileRef = "FA7B7334-F8AA-4105-A3A6-A4C98AC6E4E7" /* primitiveObject.cpp */; };
		"B53ABB2A-F145-4666-AC35-88CFDBC9D8AF" /* ofxSliderGroup.cpp in Sources */ = {isa = PBXBuildFile; fileRef = "08A84E07-1A7E-4194-9D1E-32F8B565D907" /* ofxSliderGroup.cpp */; };
		"B816AAAB-BCB1-47BC-BCD1-9C56C8CCDD57" /* Cylinder.cpp in Sources */ = {isa = PBXBuildFile; fileRef = "86117789-E764-49AB-822D-057C77B4CF1A" /* Cylinder.cpp */; };
		"BD2FAB29-8398-4100-9B1C-495324EF9952" /* ofxToggle.cpp in Sources */ = {isa = PBXBuildFile; fileRef = "64BCEC97-F26E-40AC-A1D4-66A81ABFAE24" /* ofxToggle.cpp */; };
		"C7E29E0D-454D-47E3-9C3B-2BF5CB50440B" /* ofxAssimpModelLoader.cpp in Sources */ = {isa = PBXBuildFile; fileRef = "11C076D8-83F6-4747-9783-6A6646019782" /* ofxAssimpModelLoader.cpp */; };
		"D3CAC4A9-FA19-4728-9D00-F497E2C2B87F" /* Bottom_Left_GUI.cpp in Sources */ = {isa = PBXBuildFile; fileRef = "28FC07CD-A66D-4B99-B86E-E1FDE6FDA482" /* Bottom_Left_GUI.cpp */; };
		"D50BCD6F-120E-4626-AC07-7721BE073BED" /* Cube.cpp in Sources */ = {isa = PBXBuildFile; fileRef = "F26A1F58-13EE-47F1-9A1D-6257F381A930" /* Cube.cpp */; };
		"DEE36A49-BB88-4E7F-9A00-DEDD444E7760" /* ofxBaseGui.cpp in Sources */ = {isa = PBXBuildFile; fileRef = "D6F7C5CB-AFC1-4CF8-8183-EAE1E76F0B8A" /* ofxBaseGui.cpp */; };
		"E3A84647-F795-4D37-9FA9-97FE0103F98E" /* ModelObject.cpp in Sources */ = {isa = PBXBuildFile; fileRef = "D9AA7E54-B776-4EE8-BE1B-AA2E152762D4" /* ModelObject.cpp */; };
		E4B69E200A3A1BDC003C02F2 /* main.cpp in Sources */ = {isa = PBXBuildFile; fileRef = E4B69E1D0A3A1BDC003C02F2 /* main.cpp */; };
		"E613B612-252D-4132-B289-2CDC8C2B9795" /* ofxAssimpTexture.cpp in Sources */ = {isa = PBXBuildFile; fileRef = "82C9F60F-1A59-4FDD-804A-B6EC24E5AF01" /* ofxAssimpTexture.cpp */; };
		"E893E9FF-1BE1-4B90-B7C0-7FBC8B3BED33" /* ImageObject.cpp in Sources */ = {isa = PBXBuildFile; fileRef = "651F5CD5-485E-4340-A6BD-2F198E41C6C8" /* ImageObject.cpp */; };
		"EABDFB44-3FB9-4314-8B17-51472834F4BC" /* Application.cpp in Sources */ = {isa = PBXBuildFile; fileRef = "A1999B32-8069-4DD5-A3A4-F8E8B86F7B8E" /* Application.cpp */; };
		"F93A64B0-EAC1-4DE3-8C7F-72B9D68851F1" /* ofxSmartFont.cpp in Sources */ = {isa = PBXBuildFile; fileRef = "827A738E-94DC-494D-9735-E8071E6373FA" /* ofxSmartFont.cpp */; };
/* End PBXBuildFile section */

/* Begin PBXCopyFilesBuildPhase section */
		E4A5B60F29BAAAE400C2D356 /* CopyFiles */ = {
			isa = PBXCopyFilesBuildPhase;
			buildActionMask = 2147483647;
			dstPath = "";
			dstSubfolderSpec = 6;
			files = (
			);
			runOnlyForDeploymentPostprocessing = 0;
		};
		E4C2427710CC5ABF004149E2 /* CopyFiles */ = {
			isa = PBXCopyFilesBuildPhase;
			buildActionMask = 2147483647;
			dstPath = "";
			dstSubfolderSpec = 10;
			files = (
			);
			runOnlyForDeploymentPostprocessing = 0;
		};
/* End PBXCopyFilesBuildPhase section */

/* Begin PBXFileReference section */
		"008E1172-A7C9-4646-A22D-53ABF3811D9A" /* ofxButton.h */ = {isa = PBXFileReference; explicitFileType = sourcecode.c.h; fileEncoding = 4; name = ofxButton.h; path = ../../../addons/ofxGui/src/ofxButton.h; sourceTree = SOURCE_ROOT; };
		"011DD25A-A8F6-4A47-A6F4-EE1AF4C7859B" /* SkeletonMeshBuilder.h */ = {isa = PBXFileReference; explicitFileType = sourcecode.c.h; fileEncoding = 4; name = SkeletonMeshBuilder.h; path = ../../../addons/ofxAssimpModelLoader/libs/assimp/include/assimp/SkeletonMeshBuilder.h; sourceTree = SOURCE_ROOT; };
		"01D02D36-5B97-4321-83C9-95BCD8B898C4" /* AndroidJNIIOSystem.h */ = {isa = PBXFileReference; explicitFileType = sourcecode.c.h; fileEncoding = 4; name = AndroidJNIIOSystem.h; path = ../../../addons/ofxAssimpModelLoader/libs/assimp/include/assimp/port/AndroidJNI/AndroidJNIIOSystem.h; sourceTree = SOURCE_ROOT; };
		"029A039A-BDF2-4984-A2BB-4E11BE4CA334" /* ofxLabel.cpp */ = {isa = PBXFileReference; explicitFileType = sourcecode.cpp.cpp; fileEncoding = 4; name = ofxLabel.cpp; path = ../../../addons/ofxGui/src/ofxLabel.cpp; sourceTree = SOURCE_ROOT; };
		"04067A6A-01BE-4813-996D-BCC89E764E5A" /* vector3.h */ = {isa = PBXFileReference; explicitFileType = sourcecode.c.h; fileEncoding = 4; name = vector3.h; path = ../../../addons/ofxAssimpModelLoader/libs/assimp/include/assimp/vector3.h; sourceTree = SOURCE_ROOT; };
		"067E3AD3-B724-4C0C-9EC1-3B10CDD26F19" /* metadata.h */ = {isa = PBXFileReference; explicitFileType = sourcecode.c.h; fileEncoding = 4; name = metadata.h; path = ../../../addons/ofxAssimpModelLoader/libs/assimp/include/assimp/metadata.h; sourceTree = SOURCE_ROOT; };
		"076F22CE-1055-4885-8C88-1A52903D6DA2" /* Cursor.cpp */ = {isa = PBXFileReference; explicitFileType = sourcecode.cpp.cpp; fileEncoding = 4; name = Cursor.cpp; path = src/modules/Cursor/Cursor.cpp; sourceTree = SOURCE_ROOT; };
		"08A84E07-1A7E-4194-9D1E-32F8B565D907" /* ofxSliderGroup.cpp */ = {isa = PBXFileReference; explicitFileType = sourcecode.cpp.cpp; fileEncoding = 4; name = ofxSliderGroup.cpp; path = ../../../addons/ofxGui/src/ofxSliderGroup.cpp; sourceTree = SOURCE_ROOT; };
		"09697474-37EB-4007-8C23-64BBC710F422" /* SpatialSort.h */ = {isa = PBXFileReference; explicitFileType = sourcecode.c.h; fileEncoding = 4; name = SpatialSort.h; path = ../../../addons/ofxAssimpModelLoader/libs/assimp/include/assimp/SpatialSort.h; sourceTree = SOURCE_ROOT; };
		"0A3D4376-7580-461E-B82E-25B5DF06B3B0" /* ofxDatGuiEvents.h */ = {isa = PBXFileReference; explicitFileType = sourcecode.c.h; fileEncoding = 4; name = ofxDatGuiEvents.h; path = ../../../addons/ofxDatGui/src/core/ofxDatGuiEvents.h; sourceTree = SOURCE_ROOT; };
		"0A9C765F-B54F-4CC6-8F1D-5B5A2D0DC069" /* SmallVector.h */ = {isa = PBXFileReference; explicitFileType = sourcecode.c.h; fileEncoding = 4; name = SmallVector.h; path = ../../../addons/ofxAssimpModelLoader/libs/assimp/include/assimp/SmallVector.h; sourceTree = SOURCE_ROOT; };
		"0B913A32-3BD1-4806-B358-B457C13B1D55" /* ofxInputField.cpp */ = {isa = PBXFileReference; explicitFileType = sourcecode.cpp.cpp; fileEncoding = 4; name = ofxInputField.cpp; path = ../../../addons/ofxGui/src/ofxInputField.cpp; sourceTree = SOURCE_ROOT; };
		"0D7DBF48-B63C-4A71-B07C-73A4E49A2038" /* ofxAssimpUtils.h */ = {isa = PBXFileReference; explicitFileType = sourcecode.c.h; fileEncoding = 4; name = ofxAssimpUtils.h; path = ../../../addons/ofxAssimpModelLoader/src/ofxAssimpUtils.h; sourceTree = SOURCE_ROOT; };
		"0E4CC55A-7186-47AC-8551-6C0DB49A07DF" /* MemoryIOWrapper.h */ = {isa = PBXFileReference; explicitFileType = sourcecode.c.h; fileEncoding = 4; name = MemoryIOWrapper.h; path = ../../../addons/ofxAssimpModelLoader/libs/assimp/include/assimp/MemoryIOWrapper.h; sourceTree = SOURCE_ROOT; };
		"1060242E-4420-40C9-B4AC-29391C07E94A" /* poppack1.h */ = {isa = PBXFileReference; explicitFileType = sourcecode.c.h; fileEncoding = 4; name = poppack1.h; path = ../../../addons/ofxAssimpModelLoader/libs/assimp/include/assimp/Compiler/poppack1.h; sourceTree = SOURCE_ROOT; };
		"1125F94C-9B3C-4014-9D1A-0F7B6B89F205" /* SGSpatialSort.h */ = {isa = PBXFileReference; explicitFileType = sourcecode.c.h; fileEncoding = 4; name = SGSpatialSort.h; path = ../../../addons/ofxAssimpModelLoader/libs/assimp/include/assimp/SGSpatialSort.h; sourceTree = SOURCE_ROOT; };
		"115A665D-C6A5-4656-BD1D-FA1DECC81575" /* MouseEventHandler.h */ = {isa = PBXFileReference; explicitFileType = sourcecode.c.h; fileEncoding = 4; name = MouseEventHandler.h; path = src/events/MouseEventHandler/MouseEventHandler.h; sourceTree = SOURCE_ROOT; };
		"11C076D8-83F6-4747-9783-6A6646019782" /* ofxAssimpModelLoader.cpp */ = {isa = PBXFileReference; explicitFileType = sourcecode.cpp.cpp; fileEncoding = 4; name = ofxAssimpModelLoader.cpp; path = ../../../addons/ofxAssimpModelLoader/src/ofxAssimpModelLoader.cpp; sourceTree = SOURCE_ROOT; };
		"182A8260-2B5E-4E89-A9E9-574BFE84CBCA" /* DefaultIOStream.h */ = {isa = PBXFileReference; explicitFileType = sourcecode.c.h; fileEncoding = 4; name = DefaultIOStream.h; path = ../../../addons/ofxAssimpModelLoader/libs/assimp/include/assimp/DefaultIOStream.h; sourceTree = SOURCE_ROOT; };
		"18C7181E-5201-4730-BEAB-245C836D396A" /* ofxBaseGui.h */ = {isa = PBXFileReference; explicitFileType = sourcecode.c.h; fileEncoding = 4; name = ofxBaseGui.h; path = ../../../addons/ofxGui/src/ofxBaseGui.h; sourceTree = SOURCE_ROOT; };
		"18FE702B-F779-42F3-823A-11E7E4DC4C48" /* ofxDatGuiTheme.h */ = {isa = PBXFileReference; explicitFileType = sourcecode.c.h; fileEncoding = 4; name = ofxDatGuiTheme.h; path = ../../../addons/ofxDatGui/src/themes/ofxDatGuiTheme.h; sourceTree = SOURCE_ROOT; };
		191CD6FA2847E21E0085CBB6 /* of.entitlements */ = {isa = PBXFileReference; fileEncoding = 4; lastKnownFileType = text.plist.entitlements; path = of.entitlements; sourceTree = "<group>"; };
		191EF70929D778A400F35F26 /* openFrameworks */ = {isa = PBXFileReference; lastKnownFileType = folder; name = openFrameworks; path = ../../../libs/openFrameworks; sourceTree = SOURCE_ROOT; };
		"1BF80510-8AA1-4210-9153-9B79FD4C7F72" /* Subdivision.h */ = {isa = PBXFileReference; explicitFileType = sourcecode.c.h; fileEncoding = 4; name = Subdivision.h; path = ../../../addons/ofxAssimpModelLoader/libs/assimp/include/assimp/Subdivision.h; sourceTree = SOURCE_ROOT; };
		"1DB5D7CF-892E-4253-A90B-3D7D90B4834C" /* Grid.h */ = {isa = PBXFileReference; explicitFileType = sourcecode.c.h; fileEncoding = 4; name = Grid.h; path = src/modules/Scene/Grid/Grid.h; sourceTree = SOURCE_ROOT; };
		"1E7910B8-EA06-4BCD-AE84-A83D8151E390" /* ByteSwapper.h */ = {isa = PBXFileReference; explicitFileType = sourcecode.c.h; fileEncoding = 4; name = ByteSwapper.h; path = ../../../addons/ofxAssimpModelLoader/libs/assimp/include/assimp/ByteSwapper.h; sourceTree = SOURCE_ROOT; };
		"20AFFE0F-6428-4E95-9575-DEA4754A427C" /* ofxDatGuiTextInputField.h */ = {isa = PBXFileReference; explicitFileType = sourcecode.c.h; fileEncoding = 4; name = ofxDatGuiTextInputField.h; path = ../../../addons/ofxDatGui/src/components/ofxDatGuiTextInputField.h; sourceTree = SOURCE_ROOT; };
		"20D1A2E3-B060-4F71-860D-D186B3F01BD8" /* StreamReader.h */ = {isa = PBXFileReference; explicitFileType = sourcecode.c.h; fileEncoding = 4; name = StreamReader.h; path = ../../../addons/ofxAssimpModelLoader/libs/assimp/include/assimp/StreamReader.h; sourceTree = SOURCE_ROOT; };
		"220EAA78-4637-4029-935E-6B2AE6220183" /* Object3D.h */ = {isa = PBXFileReference; explicitFileType = sourcecode.c.h; fileEncoding = 4; name = Object3D.h; path = src/objects/Object3D.h; sourceTree = SOURCE_ROOT; };
		"2213A856-9336-405E-8575-E5EB89F0A3A3" /* texture.h */ = {isa = PBXFileReference; explicitFileType = sourcecode.c.h; fileEncoding = 4; name = texture.h; path = ../../../addons/ofxAssimpModelLoader/libs/assimp/include/assimp/texture.h; sourceTree = SOURCE_ROOT; };
		"24492486-CA38-4CF1-980F-E9AA56A25FDA" /* ofxPanel.cpp */ = {isa = PBXFileReference; explicitFileType = sourcecode.cpp.cpp; fileEncoding = 4; name = ofxPanel.cpp; path = ../../../addons/ofxGui/src/ofxPanel.cpp; sourceTree = SOURCE_ROOT; };
		"2543B2BF-56C7-4218-804A-4260F8DEA414" /* cexport.h */ = {isa = PBXFileReference; explicitFileType = sourcecode.c.h; fileEncoding = 4; name = cexport.h; path = ../../../addons/ofxAssimpModelLoader/libs/assimp/include/assimp/cexport.h; sourceTree = SOURCE_ROOT; };
		"25E0A1EF-2C86-4BF8-BA75-D721D168B6CE" /* ofxDatGuiLabel.h */ = {isa = PBXFileReference; explicitFileType = sourcecode.c.h; fileEncoding = 4; name = ofxDatGuiLabel.h; path = ../../../addons/ofxDatGui/src/components/ofxDatGuiLabel.h; sourceTree = SOURCE_ROOT; };
		"28971CC1-DC3F-4275-9714-B2B2B969D6E6" /* GUI.cpp */ = {isa = PBXFileReference; explicitFileType = sourcecode.cpp.cpp; fileEncoding = 4; name = GUI.cpp; path = src/modules/GUI/GUI.cpp; sourceTree = SOURCE_ROOT; };
		"28FC07CD-A66D-4B99-B86E-E1FDE6FDA482" /* Bottom_Left_GUI.cpp */ = {isa = PBXFileReference; explicitFileType = sourcecode.cpp.cpp; fileEncoding = 4; name = Bottom_Left_GUI.cpp; path = src/modules/GUI/Bottom_Left_GUI/Bottom_Left_GUI.cpp; sourceTree = SOURCE_ROOT; };
		"2BA25291-D0A9-48C1-B88C-6268FBD5FEED" /* Cone.cpp */ = {isa = PBXFileReference; explicitFileType = sourcecode.cpp.cpp; fileEncoding = 4; name = Cone.cpp; path = src/objects/ModelObject/Templates/Cone/Cone.cpp; sourceTree = SOURCE_ROOT; };
		"2D68CA78-7EB6-47B5-AE0B-A0D287CA3E6F" /* Top_Right_GUI.h */ = {isa = PBXFileReference; explicitFileType = sourcecode.c.h; fileEncoding = 4; name = Top_Right_GUI.h; path = src/modules/GUI/Top_Right_GUI/Top_Right_GUI.h; sourceTree = SOURCE_ROOT; };
		"2E3906A4-68A4-4AD1-9075-2C569C294EB5" /* Top_Left_GUI.h */ = {isa = PBXFileReference; explicitFileType = sourcecode.c.h; fileEncoding = 4; name = Top_Left_GUI.h; path = src/modules/GUI/Top_Left_GUI/Top_Left_GUI.h; sourceTree = SOURCE_ROOT; };
		"3040E594-4C7E-4BFF-A8F9-412E8E207D69" /* ofxDatGuiComponent.h */ = {isa = PBXFileReference; explicitFileType = sourcecode.c.h; fileEncoding = 4; name = ofxDatGuiComponent.h; path = ../../../addons/ofxDatGui/src/core/ofxDatGuiComponent.h; sourceTree = SOURCE_ROOT; };
		"3086B940-18C8-473E-A883-D8C9FEA5264E" /* KeyEventHandler.h */ = {isa = PBXFileReference; explicitFileType = sourcecode.c.h; fileEncoding = 4; name = KeyEventHandler.h; path = src/events/KeyEventHandler/KeyEventHandler.h; sourceTree = SOURCE_ROOT; };
		"322367CE-2375-48C4-BEF5-E42E3CAAE790" /* light.h */ = {isa = PBXFileReference; explicitFileType = sourcecode.c.h; fileEncoding = 4; name = light.h; path = ../../../addons/ofxAssimpModelLoader/libs/assimp/include/assimp/light.h; sourceTree = SOURCE_ROOT; };
		"3439D688-9A1A-437B-82B9-641D67A90F96" /* Logger.hpp */ = {isa = PBXFileReference; explicitFileType = sourcecode.c.h; fileEncoding = 4; name = Logger.hpp; path = ../../../addons/ofxAssimpModelLoader/libs/assimp/include/assimp/Logger.hpp; sourceTree = SOURCE_ROOT; };
		"34A2B19A-2C91-44D7-9960-F4DDABB8F7A8" /* scene.h */ = {isa = PBXFileReference; explicitFileType = sourcecode.c.h; fileEncoding = 4; name = scene.h; path = ../../../addons/ofxAssimpModelLoader/libs/assimp/include/assimp/scene.h; sourceTree = SOURCE_ROOT; };
		"364FCC4B-96F0-40C0-AF75-7B1EB10EF76B" /* Bottom_Right_GUI.cpp */ = {isa = PBXFileReference; explicitFileType = sourcecode.cpp.cpp; fileEncoding = 4; name = Bottom_Right_GUI.cpp; path = src/modules/GUI/Bottom_Right_GUI/Bottom_Right_GUI.cpp; sourceTree = SOURCE_ROOT; };
		"376D4030-8F20-48D6-A05E-6432E599AE5B" /* Scene.h */ = {isa = PBXFileReference; explicitFileType = sourcecode.c.h; fileEncoding = 4; name = Scene.h; path = src/modules/Scene/Scene.h; sourceTree = SOURCE_ROOT; };
		"3AFBAD1C-5818-4799-96EA-0BFFEC424496" /* RemoveComments.h */ = {isa = PBXFileReference; explicitFileType = sourcecode.c.h; fileEncoding = 4; name = RemoveComments.h; path = ../../../addons/ofxAssimpModelLoader/libs/assimp/include/assimp/RemoveComments.h; sourceTree = SOURCE_ROOT; };
		"3B548E29-5AD9-43C2-9459-DB00470B53B2" /* MouseEventHandler.cpp */ = {isa = PBXFileReference; explicitFileType = sourcecode.cpp.cpp; fileEncoding = 4; name = MouseEventHandler.cpp; path = src/events/MouseEventHandler/MouseEventHandler.cpp; sourceTree = SOURCE_ROOT; };
		"40F41EB0-80B7-4C4A-8214-690D35DFCF20" /* Bottom_Right_GUI.h */ = {isa = PBXFileReference; explicitFileType = sourcecode.c.h; fileEncoding = 4; name = Bottom_Right_GUI.h; path = src/modules/GUI/Bottom_Right_GUI/Bottom_Right_GUI.h; sourceTree = SOURCE_ROOT; };
		"417B1202-1945-4AFD-8533-1531004C41AC" /* fast_atof.h */ = {isa = PBXFileReference; explicitFileType = sourcecode.c.h; fileEncoding = 4; name = fast_atof.h; path = ../../../addons/ofxAssimpModelLoader/libs/assimp/include/assimp/fast_atof.h; sourceTree = SOURCE_ROOT; };
		"4226C29B-3B58-46C3-A142-12BA2506810C" /* ofxGuiGroup.h */ = {isa = PBXFileReference; explicitFileType = sourcecode.c.h; fileEncoding = 4; name = ofxGuiGroup.h; path = ../../../addons/ofxGui/src/ofxGuiGroup.h; sourceTree = SOURCE_ROOT; };
		"427D3A7B-8EB9-40F8-AA87-B07BF9A723A3" /* Exporter.hpp */ = {isa = PBXFileReference; explicitFileType = sourcecode.c.h; fileEncoding = 4; name = Exporter.hpp; path = ../../../addons/ofxAssimpModelLoader/libs/assimp/include/assimp/Exporter.hpp; sourceTree = SOURCE_ROOT; };
		"436B7D6C-3C71-4B59-9CD1-CDE5B18CD90B" /* ofxDatGuiConstants.h */ = {isa = PBXFileReference; explicitFileType = sourcecode.c.h; fileEncoding = 4; name = ofxDatGuiConstants.h; path = ../../../addons/ofxDatGui/src/core/ofxDatGuiConstants.h; sourceTree = SOURCE_ROOT; };
		"44CA90EB-1B79-4F32-B5A1-552F8094271B" /* ModelObject.h */ = {isa = PBXFileReference; explicitFileType = sourcecode.c.h; fileEncoding = 4; name = ModelObject.h; path = src/objects/ModelObject/ModelObject.h; sourceTree = SOURCE_ROOT; };
		"44FBE878-90A6-4FB6-8419-A4B6C6F0DE96" /* config.h */ = {isa = PBXFileReference; explicitFileType = sourcecode.c.h; fileEncoding = 4; name = config.h; path = ../../../addons/ofxAssimpModelLoader/libs/assimp/include/assimp/config.h; sourceTree = SOURCE_ROOT; };
		"4707FFC1-4BC2-4B54-AE1F-834775C5EC8A" /* IOSystem.hpp */ = {isa = PBXFileReference; explicitFileType = sourcecode.c.h; fileEncoding = 4; name = IOSystem.hpp; path = ../../../addons/ofxAssimpModelLoader/libs/assimp/include/assimp/IOSystem.hpp; sourceTree = SOURCE_ROOT; };
		"4842998D-F51D-4D72-932C-1F91718B0E49" /* GltfMaterial.h */ = {isa = PBXFileReference; explicitFileType = sourcecode.c.h; fileEncoding = 4; name = GltfMaterial.h; path = ../../../addons/ofxAssimpModelLoader/libs/assimp/include/assimp/GltfMaterial.h; sourceTree = SOURCE_ROOT; };
		"49A4AFE4-B09D-4266-B017-AEB62B73D253" /* SmoothingGroups.h */ = {isa = PBXFileReference; explicitFileType = sourcecode.c.h; fileEncoding = 4; name = SmoothingGroups.h; path = ../../../addons/ofxAssimpModelLoader/libs/assimp/include/assimp/SmoothingGroups.h; sourceTree = SOURCE_ROOT; };
		"4AB88675-0EF8-47C8-B720-22AA26C9464E" /* vector2.h */ = {isa = PBXFileReference; explicitFileType = sourcecode.c.h; fileEncoding = 4; name = vector2.h; path = ../../../addons/ofxAssimpModelLoader/libs/assimp/include/assimp/vector2.h; sourceTree = SOURCE_ROOT; };
		"4C16E57C-94F0-4848-B007-D2141A5C276F" /* ofxButton.cpp */ = {isa = PBXFileReference; explicitFileType = sourcecode.cpp.cpp; fileEncoding = 4; name = ofxButton.cpp; path = ../../../addons/ofxGui/src/ofxButton.cpp; sourceTree = SOURCE_ROOT; };
		"4F3C56FC-C9A7-4EBE-85F7-A6ED3FE58E10" /* ofxAssimpModelLoader.h */ = {isa = PBXFileReference; explicitFileType = sourcecode.c.h; fileEncoding = 4; name = ofxAssimpModelLoader.h; path = ../../../addons/ofxAssimpModelLoader/src/ofxAssimpModelLoader.h; sourceTree = SOURCE_ROOT; };
		"50A67A82-5367-4C05-902D-ABA08ACF08DC" /* ofxAssimpTexture.h */ = {isa = PBXFileReference; explicitFileType = sourcecode.c.h; fileEncoding = 4; name = ofxAssimpTexture.h; path = ../../../addons/ofxAssimpModelLoader/src/ofxAssimpTexture.h; sourceTree = SOURCE_ROOT; };
		"50B7B235-C4BC-4584-9915-11C138E12D42" /* Vertex.h */ = {isa = PBXFileReference; explicitFileType = sourcecode.c.h; fileEncoding = 4; name = Vertex.h; path = ../../../addons/ofxAssimpModelLoader/libs/assimp/include/assimp/Vertex.h; sourceTree = SOURCE_ROOT; };
		"50C5820C-4B65-41BA-9830-13F8C85A3525" /* pushpack1.h */ = {isa = PBXFileReference; explicitFileType = sourcecode.c.h; fileEncoding = 4; name = pushpack1.h; path = ../../../addons/ofxAssimpModelLoader/libs/assimp/include/assimp/Compiler/pushpack1.h; sourceTree = SOURCE_ROOT; };
		"50FEC746-BE0C-40A3-B687-4BB0A3F70536" /* anim.h */ = {isa = PBXFileReference; explicitFileType = sourcecode.c.h; fileEncoding = 4; name = anim.h; path = ../../../addons/ofxAssimpModelLoader/libs/assimp/include/assimp/anim.h; sourceTree = SOURCE_ROOT; };
		"52B47E91-2F00-4416-8047-6866F5E81EE6" /* ofxAssimpAnimation.cpp */ = {isa = PBXFileReference; explicitFileType = sourcecode.cpp.cpp; fileEncoding = 4; name = ofxAssimpAnimation.cpp; path = ../../../addons/ofxAssimpModelLoader/src/ofxAssimpAnimation.cpp; sourceTree = SOURCE_ROOT; };
		"53B7F035-065D-46D3-BB01-DD7CDCAE9ED3" /* XmlParser.h */ = {isa = PBXFileReference; explicitFileType = sourcecode.c.h; fileEncoding = 4; name = XmlParser.h; path = ../../../addons/ofxAssimpModelLoader/libs/assimp/include/assimp/XmlParser.h; sourceTree = SOURCE_ROOT; };
		"53FAD0F2-9C33-4B24-9357-8B5375D3D97A" /* Cube.h */ = {isa = PBXFileReference; explicitFileType = sourcecode.c.h; fileEncoding = 4; name = Cube.h; path = src/objects/ModelObject/Templates/Cube/Cube.h; sourceTree = SOURCE_ROOT; };
		"54266787-E639-410D-8560-9D1C43C3F973" /* ofxDatGui.h */ = {isa = PBXFileReference; explicitFileType = sourcecode.c.h; fileEncoding = 4; name = ofxDatGui.h; path = ../../../addons/ofxDatGui/src/ofxDatGui.h; sourceTree = SOURCE_ROOT; };
		"55354E9F-FEAA-494F-AF44-550B987EBDE6" /* ofxGuiUtils.h */ = {isa = PBXFileReference; explicitFileType = sourcecode.c.h; fileEncoding = 4; name = ofxGuiUtils.h; path = ../../../addons/ofxGui/src/ofxGuiUtils.h; sourceTree = SOURCE_ROOT; };
		"5C977CA3-B6B9-4535-B759-EBB78A6BE103" /* ofxDatGuiColorPicker.h */ = {isa = PBXFileReference; explicitFileType = sourcecode.c.h; fileEncoding = 4; name = ofxDatGuiColorPicker.h; path = ../../../addons/ofxDatGui/src/components/ofxDatGuiColorPicker.h; sourceTree = SOURCE_ROOT; };
		"5D814F3B-C999-49A8-8A78-BFEBB3061101" /* Image.cpp */ = {isa = PBXFileReference; explicitFileType = sourcecode.cpp.cpp; fileEncoding = 4; name = Image.cpp; path = src/modules/Image/Image.cpp; sourceTree = SOURCE_ROOT; };
		"5FDB6637-DB04-4D16-B108-BA0375A4C6A1" /* Sphere.cpp */ = {isa = PBXFileReference; explicitFileType = sourcecode.cpp.cpp; fileEncoding = 4; name = Sphere.cpp; path = src/objects/ModelObject/Templates/Sphere/Sphere.cpp; sourceTree = SOURCE_ROOT; };
		"60D1FD4E-4875-46FC-842D-6D9E69E69B60" /* ai_assert.h */ = {isa = PBXFileReference; explicitFileType = sourcecode.c.h; fileEncoding = 4; name = ai_assert.h; path = ../../../addons/ofxAssimpModelLoader/libs/assimp/include/assimp/ai_assert.h; sourceTree = SOURCE_ROOT; };
		"62730FDF-392D-483F-BEA5-D4A8C15E8918" /* Base64.hpp */ = {isa = PBXFileReference; explicitFileType = sourcecode.c.h; fileEncoding = 4; name = Base64.hpp; path = ../../../addons/ofxAssimpModelLoader/libs/assimp/include/assimp/Base64.hpp; sourceTree = SOURCE_ROOT; };
		"64BCEC97-F26E-40AC-A1D4-66A81ABFAE24" /* ofxToggle.cpp */ = {isa = PBXFileReference; explicitFileType = sourcecode.cpp.cpp; fileEncoding = 4; name = ofxToggle.cpp; path = ../../../addons/ofxGui/src/ofxToggle.cpp; sourceTree = SOURCE_ROOT; };
		"65185A0C-D0DD-4D96-BE23-E71B8BB3DD2B" /* ofxColorPicker.h */ = {isa = PBXFileReference; explicitFileType = sourcecode.c.h; fileEncoding = 4; name = ofxColorPicker.h; path = ../../../addons/ofxGui/src/ofxColorPicker.h; sourceTree = SOURCE_ROOT; };
		"651F5CD5-485E-4340-A6BD-2F198E41C6C8" /* ImageObject.cpp */ = {isa = PBXFileReference; explicitFileType = sourcecode.cpp.cpp; fileEncoding = 4; name = ImageObject.cpp; path = src/objects/ImageObject/ImageObject.cpp; sourceTree = SOURCE_ROOT; };
		"65359603-2427-4399-B65F-6F03E84ED0AE" /* ofxAssimpMeshHelper.cpp */ = {isa = PBXFileReference; explicitFileType = sourcecode.cpp.cpp; fileEncoding = 4; name = ofxAssimpMeshHelper.cpp; path = ../../../addons/ofxAssimpModelLoader/src/ofxAssimpMeshHelper.cpp; sourceTree = SOURCE_ROOT; };
		"67E70F30-19C6-44A7-8220-B8E0E560F4A6" /* MathFunctions.h */ = {isa = PBXFileReference; explicitFileType = sourcecode.c.h; fileEncoding = 4; name = MathFunctions.h; path = ../../../addons/ofxAssimpModelLoader/libs/assimp/include/assimp/MathFunctions.h; sourceTree = SOURCE_ROOT; };
		"6B91D6F7-EC01-43F3-9A1D-6EA8680A40E0" /* TinyFormatter.h */ = {isa = PBXFileReference; explicitFileType = sourcecode.c.h; fileEncoding = 4; name = TinyFormatter.h; path = ../../../addons/ofxAssimpModelLoader/libs/assimp/include/assimp/TinyFormatter.h; sourceTree = SOURCE_ROOT; };
		"6C612760-887E-4150-8A68-DCE9C1C5B18C" /* WindowResizedEventHandler.cpp */ = {isa = PBXFileReference; explicitFileType = sourcecode.cpp.cpp; fileEncoding = 4; name = WindowResizedEventHandler.cpp; path = src/events/WindowResizedEventHandler/WindowResizedEventHandler.cpp; sourceTree = SOURCE_ROOT; };
		"6C9E3697-BEF1-484F-9B07-2AE6A4F59F81" /* StringComparison.h */ = {isa = PBXFileReference; explicitFileType = sourcecode.c.h; fileEncoding = 4; name = StringComparison.h; path = ../../../addons/ofxAssimpModelLoader/libs/assimp/include/assimp/StringComparison.h; sourceTree = SOURCE_ROOT; };
		"6DC3CEE5-FA5E-4006-98FD-A205E6C40E56" /* Image.h */ = {isa = PBXFileReference; explicitFileType = sourcecode.c.h; fileEncoding = 4; name = Image.h; path = src/modules/Image/Image.h; sourceTree = SOURCE_ROOT; };
		"71307345-6869-4E84-8D52-261B820D070E" /* ImageObject.h */ = {isa = PBXFileReference; explicitFileType = sourcecode.c.h; fileEncoding = 4; name = ImageObject.h; path = src/objects/ImageObject/ImageObject.h; sourceTree = SOURCE_ROOT; };
		"71A70C92-DDC7-4DE3-B5E7-1E8D14D4E4A5" /* Cylinder.h */ = {isa = PBXFileReference; explicitFileType = sourcecode.c.h; fileEncoding = 4; name = Cylinder.h; path = src/objects/ModelObject/Templates/Cylinder/Cylinder.h; sourceTree = SOURCE_ROOT; };
		"71F8D800-D915-45E3-A4D3-343CB2B6C583" /* ofxSlider.h */ = {isa = PBXFileReference; explicitFileType = sourcecode.c.h; fileEncoding = 4; name = ofxSlider.h; path = ../../../addons/ofxGui/src/ofxSlider.h; sourceTree = SOURCE_ROOT; };
		"74D63B28-84C4-47EE-9065-A297E9802DD1" /* ofxLabel.h */ = {isa = PBXFileReference; explicitFileType = sourcecode.c.h; fileEncoding = 4; name = ofxLabel.h; path = ../../../addons/ofxGui/src/ofxLabel.h; sourceTree = SOURCE_ROOT; };
		"7A141AC0-0E1D-4C23-B0AD-17F161516C88" /* pbrmaterial.h */ = {isa = PBXFileReference; explicitFileType = sourcecode.c.h; fileEncoding = 4; name = pbrmaterial.h; path = ../../../addons/ofxAssimpModelLoader/libs/assimp/include/assimp/pbrmaterial.h; sourceTree = SOURCE_ROOT; };
		"7A728AB5-41D1-4E25-A14A-34B48B67B86B" /* BundledAssetIOSystem.h */ = {isa = PBXFileReference; explicitFileType = sourcecode.c.h; fileEncoding = 4; name = BundledAssetIOSystem.h; path = ../../../addons/ofxAssimpModelLoader/libs/assimp/include/assimp/port/AndroidJNI/BundledAssetIOSystem.h; sourceTree = SOURCE_ROOT; };
		"7ABB9F9D-F1CA-416E-9D70-298168F981DD" /* Object3D.cpp */ = {isa = PBXFileReference; explicitFileType = sourcecode.cpp.cpp; fileEncoding = 4; name = Object3D.cpp; path = src/objects/Object3D.cpp; sourceTree = SOURCE_ROOT; };
		"7ADEA103-A0AE-416A-AD0B-81130188A677" /* material.h */ = {isa = PBXFileReference; explicitFileType = sourcecode.c.h; fileEncoding = 4; name = material.h; path = ../../../addons/ofxAssimpModelLoader/libs/assimp/include/assimp/material.h; sourceTree = SOURCE_ROOT; };
		"7C348F71-1F30-4341-9D60-27FCBE832F7C" /* primitiveObject.h */ = {isa = PBXFileReference; explicitFileType = sourcecode.c.h; fileEncoding = 4; name = primitiveObject.h; path = src/objects/primitiveObject/primitiveObject.h; sourceTree = SOURCE_ROOT; };
		"7E6CC3F5-54B3-4656-AC97-7E1EB0B3B452" /* commonMetaData.h */ = {isa = PBXFileReference; explicitFileType = sourcecode.c.h; fileEncoding = 4; name = commonMetaData.h; path = ../../../addons/ofxAssimpModelLoader/libs/assimp/include/assimp/commonMetaData.h; sourceTree = SOURCE_ROOT; };
		"7EA7DC93-3CC0-4377-BF74-9EC6077CDD99" /* defs.h */ = {isa = PBXFileReference; explicitFileType = sourcecode.c.h; fileEncoding = 4; name = defs.h; path = ../../../addons/ofxAssimpModelLoader/libs/assimp/include/assimp/defs.h; sourceTree = SOURCE_ROOT; };
		"7EE0B243-023D-4A7E-917B-191DCADB19DA" /* Renderer.h */ = {isa = PBXFileReference; explicitFileType = sourcecode.c.h; fileEncoding = 4; name = Renderer.h; path = src/Renderer.h; sourceTree = SOURCE_ROOT; };
		"812AC314-27FB-449B-A3E3-ADB80896DBCC" /* ofxColorPicker.cpp */ = {isa = PBXFileReference; explicitFileType = sourcecode.cpp.cpp; fileEncoding = 4; name = ofxColorPicker.cpp; path = ../../../addons/ofxGui/src/ofxColorPicker.cpp; sourceTree = SOURCE_ROOT; };
		"827A738E-94DC-494D-9735-E8071E6373FA" /* ofxSmartFont.cpp */ = {isa = PBXFileReference; explicitFileType = sourcecode.cpp.cpp; fileEncoding = 4; name = ofxSmartFont.cpp; path = ../../../addons/ofxDatGui/src/libs/ofxSmartFont/ofxSmartFont.cpp; sourceTree = SOURCE_ROOT; };
		"82C9F60F-1A59-4FDD-804A-B6EC24E5AF01" /* ofxAssimpTexture.cpp */ = {isa = PBXFileReference; explicitFileType = sourcecode.cpp.cpp; fileEncoding = 4; name = ofxAssimpTexture.cpp; path = ../../../addons/ofxAssimpModelLoader/src/ofxAssimpTexture.cpp; sourceTree = SOURCE_ROOT; };
		"83A1ABEF-3A37-4BB5-90FA-239439ED64F8" /* ofxSmartFont.h */ = {isa = PBXFileReference; explicitFileType = sourcecode.c.h; fileEncoding = 4; name = ofxSmartFont.h; path = ../../../addons/ofxDatGui/src/libs/ofxSmartFont/ofxSmartFont.h; sourceTree = SOURCE_ROOT; };
		"8441BC3D-05C6-40CF-B82D-1F51B6378E96" /* ofxDatGuiComponent.cpp */ = {isa = PBXFileReference; explicitFileType = sourcecode.cpp.cpp; fileEncoding = 4; name = ofxDatGuiComponent.cpp; path = ../../../addons/ofxDatGui/src/core/ofxDatGuiComponent.cpp; sourceTree = SOURCE_ROOT; };
		"8595F4AA-136D-4B83-B7F5-8C9D6279E8B4" /* IOStreamBuffer.h */ = {isa = PBXFileReference; explicitFileType = sourcecode.c.h; fileEncoding = 4; name = IOStreamBuffer.h; path = ../../../addons/ofxAssimpModelLoader/libs/assimp/include/assimp/IOStreamBuffer.h; sourceTree = SOURCE_ROOT; };
		"86117789-E764-49AB-822D-057C77B4CF1A" /* Cylinder.cpp */ = {isa = PBXFileReference; explicitFileType = sourcecode.cpp.cpp; fileEncoding = 4; name = Cylinder.cpp; path = src/objects/ModelObject/Templates/Cylinder/Cylinder.cpp; sourceTree = SOURCE_ROOT; };
		"8629EB10-E4DD-4220-96B0-4A15591F0290" /* ofxDatGui.cpp */ = {isa = PBXFileReference; explicitFileType = sourcecode.cpp.cpp; fileEncoding = 4; name = ofxDatGui.cpp; path = ../../../addons/ofxDatGui/src/ofxDatGui.cpp; sourceTree = SOURCE_ROOT; };
		"87971C40-1F4D-4C92-8A5A-9534856F51A8" /* CreateAnimMesh.h */ = {isa = PBXFileReference; explicitFileType = sourcecode.c.h; fileEncoding = 4; name = CreateAnimMesh.h; path = ../../../addons/ofxAssimpModelLoader/libs/assimp/include/assimp/CreateAnimMesh.h; sourceTree = SOURCE_ROOT; };
		"8802FC57-0F8C-496D-923F-371AA1B40380" /* Profiler.h */ = {isa = PBXFileReference; explicitFileType = sourcecode.c.h; fileEncoding = 4; name = Profiler.h; path = ../../../addons/ofxAssimpModelLoader/libs/assimp/include/assimp/Profiler.h; sourceTree = SOURCE_ROOT; };
		"8AA6D8A8-A371-4190-9AAA-87397077A1BC" /* ObjMaterial.h */ = {isa = PBXFileReference; explicitFileType = sourcecode.c.h; fileEncoding = 4; name = ObjMaterial.h; path = ../../../addons/ofxAssimpModelLoader/libs/assimp/include/assimp/ObjMaterial.h; sourceTree = SOURCE_ROOT; };
		"8B08C1FD-686F-4014-A789-DBCE516FFED2" /* ofxDatGuiSlider.h */ = {isa = PBXFileReference; explicitFileType = sourcecode.c.h; fileEncoding = 4; name = ofxDatGuiSlider.h; path = ../../../addons/ofxDatGui/src/components/ofxDatGuiSlider.h; sourceTree = SOURCE_ROOT; };
		"8B4C357D-D5F6-4C47-8D63-F98DD6B4827A" /* BlobIOSystem.h */ = {isa = PBXFileReference; explicitFileType = sourcecode.c.h; fileEncoding = 4; name = BlobIOSystem.h; path = ../../../addons/ofxAssimpModelLoader/libs/assimp/include/assimp/BlobIOSystem.h; sourceTree = SOURCE_ROOT; };
		"8B5BD26F-C725-4078-B87E-D65C96BCBE06" /* ofxDatGui2dPad.h */ = {isa = PBXFileReference; explicitFileType = sourcecode.c.h; fileEncoding = 4; name = ofxDatGui2dPad.h; path = ../../../addons/ofxDatGui/src/components/ofxDatGui2dPad.h; sourceTree = SOURCE_ROOT; };
		"8C873698-ED5F-40C2-B491-1E07613F4B1D" /* ProgressHandler.hpp */ = {isa = PBXFileReference; explicitFileType = sourcecode.c.h; fileEncoding = 4; name = ProgressHandler.hpp; path = ../../../addons/ofxAssimpModelLoader/libs/assimp/include/assimp/ProgressHandler.hpp; sourceTree = SOURCE_ROOT; };
		"8ED08F59-C2FA-4D60-8B57-20CB2CAA67C4" /* ColladaMetaData.h */ = {isa = PBXFileReference; explicitFileType = sourcecode.c.h; fileEncoding = 4; name = ColladaMetaData.h; path = ../../../addons/ofxAssimpModelLoader/libs/assimp/include/assimp/ColladaMetaData.h; sourceTree = SOURCE_ROOT; };
		"90201E27-95F9-46DC-9485-2492F3A3E9D0" /* ofxDatGuiScrollView.h */ = {isa = PBXFileReference; explicitFileType = sourcecode.c.h; fileEncoding = 4; name = ofxDatGuiScrollView.h; path = ../../../addons/ofxDatGui/src/components/ofxDatGuiScrollView.h; sourceTree = SOURCE_ROOT; };
		"9405F7D5-A443-48B6-B5EE-C9B45F0282B9" /* LogAux.h */ = {isa = PBXFileReference; explicitFileType = sourcecode.c.h; fileEncoding = 4; name = LogAux.h; path = ../../../addons/ofxAssimpModelLoader/libs/assimp/include/assimp/LogAux.h; sourceTree = SOURCE_ROOT; };
		"942B6755-5E56-4FA4-AB37-CBD54340BC79" /* ofxDatGuiControls.h */ = {isa = PBXFileReference; explicitFileType = sourcecode.c.h; fileEncoding = 4; name = ofxDatGuiControls.h; path = ../../../addons/ofxDatGui/src/components/ofxDatGuiControls.h; sourceTree = SOURCE_ROOT; };
		"96DFA2C3-DA43-4161-AEDE-D58B548D457C" /* cfileio.h */ = {isa = PBXFileReference; explicitFileType = sourcecode.c.h; fileEncoding = 4; name = cfileio.h; path = ../../../addons/ofxAssimpModelLoader/libs/assimp/include/assimp/cfileio.h; sourceTree = SOURCE_ROOT; };
		"975B357F-E8DB-4391-AFE9-AC7631E1C330" /* aabb.h */ = {isa = PBXFileReference; explicitFileType = sourcecode.c.h; fileEncoding = 4; name = aabb.h; path = ../../../addons/ofxAssimpModelLoader/libs/assimp/include/assimp/aabb.h; sourceTree = SOURCE_ROOT; };
		"98F70CCE-CD06-4BAF-BC55-93FCC368742B" /* StreamWriter.h */ = {isa = PBXFileReference; explicitFileType = sourcecode.c.h; fileEncoding = 4; name = StreamWriter.h; path = ../../../addons/ofxAssimpModelLoader/libs/assimp/include/assimp/StreamWriter.h; sourceTree = SOURCE_ROOT; };
		"9C00E919-D72B-4174-B23A-862330049F1D" /* Renderer.cpp */ = {isa = PBXFileReference; explicitFileType = sourcecode.cpp.cpp; fileEncoding = 4; name = Renderer.cpp; path = src/Renderer.cpp; sourceTree = SOURCE_ROOT; };
		"9DD6ADDC-4ECE-4C58-8F31-07E5807A1365" /* matrix4x4.h */ = {isa = PBXFileReference; explicitFileType = sourcecode.c.h; fileEncoding = 4; name = matrix4x4.h; path = ../../../addons/ofxAssimpModelLoader/libs/assimp/include/assimp/matrix4x4.h; sourceTree = SOURCE_ROOT; };
		"A0377458-3C15-4C19-8529-F002FDF568D8" /* ofxDatGuiButton.h */ = {isa = PBXFileReference; explicitFileType = sourcecode.c.h; fileEncoding = 4; name = ofxDatGuiButton.h; path = ../../../addons/ofxDatGui/src/components/ofxDatGuiButton.h; sourceTree = SOURCE_ROOT; };
		"A1999B32-8069-4DD5-A3A4-F8E8B86F7B8E" /* Application.cpp */ = {isa = PBXFileReference; explicitFileType = sourcecode.cpp.cpp; fileEncoding = 4; name = Application.cpp; path = src/Application.cpp; sourceTree = SOURCE_ROOT; };
		"A43C4D29-F6E9-408E-B9FC-41433B0A5079" /* DragEventHandler.cpp */ = {isa = PBXFileReference; explicitFileType = sourcecode.cpp.cpp; fileEncoding = 4; name = DragEventHandler.cpp; path = src/events/DragEventHandler/DragEventHandler.cpp; sourceTree = SOURCE_ROOT; };
		"A50C1734-C570-4A6A-8F9C-666A1AD805DB" /* Bottom_Left_GUI.h */ = {isa = PBXFileReference; explicitFileType = sourcecode.c.h; fileEncoding = 4; name = Bottom_Left_GUI.h; path = src/modules/GUI/Bottom_Left_GUI/Bottom_Left_GUI.h; sourceTree = SOURCE_ROOT; };
		"A7B9FDAA-D1F0-4103-B8CF-7FB1CA1C2129" /* camera.h */ = {isa = PBXFileReference; explicitFileType = sourcecode.c.h; fileEncoding = 4; name = camera.h; path = ../../../addons/ofxAssimpModelLoader/libs/assimp/include/assimp/camera.h; sourceTree = SOURCE_ROOT; };
		"AB506F77-B321-4917-93D5-91FBE539E06C" /* Importer.hpp */ = {isa = PBXFileReference; explicitFileType = sourcecode.c.h; fileEncoding = 4; name = Importer.hpp; path = ../../../addons/ofxAssimpModelLoader/libs/assimp/include/assimp/Importer.hpp; sourceTree = SOURCE_ROOT; };
		"AD08EE6F-7CE1-4FB2-8F9F-84AE0F0E779A" /* ofxSlider.cpp */ = {isa = PBXFileReference; explicitFileType = sourcecode.cpp.cpp; fileEncoding = 4; name = ofxSlider.cpp; path = ../../../addons/ofxGui/src/ofxSlider.cpp; sourceTree = SOURCE_ROOT; };
		"B023CAD8-1765-489E-8509-5596FE1A2781" /* Top_Left_GUI.cpp */ = {isa = PBXFileReference; explicitFileType = sourcecode.cpp.cpp; fileEncoding = 4; name = Top_Left_GUI.cpp; path = src/modules/GUI/Top_Left_GUI/Top_Left_GUI.cpp; sourceTree = SOURCE_ROOT; };
		"B09725FD-CEF6-4404-9529-7BC1C765FCAD" /* postprocess.h */ = {isa = PBXFileReference; explicitFileType = sourcecode.c.h; fileEncoding = 4; name = postprocess.h; path = ../../../addons/ofxAssimpModelLoader/libs/assimp/include/assimp/postprocess.h; sourceTree = SOURCE_ROOT; };
		"B0B05980-A081-42BC-B640-37BFD0220CFF" /* Top_Right_GUI.cpp */ = {isa = PBXFileReference; explicitFileType = sourcecode.cpp.cpp; fileEncoding = 4; name = Top_Right_GUI.cpp; path = src/modules/GUI/Top_Right_GUI/Top_Right_GUI.cpp; sourceTree = SOURCE_ROOT; };
		"B0C0559A-04A3-497A-856E-DD4283DB7C21" /* ofxGuiGroup.cpp */ = {isa = PBXFileReference; explicitFileType = sourcecode.cpp.cpp; fileEncoding = 4; name = ofxGuiGroup.cpp; path = ../../../addons/ofxGui/src/ofxGuiGroup.cpp; sourceTree = SOURCE_ROOT; };
		"B10DCF17-7630-485D-ADA1-76D715976913" /* ofxSliderGroup.h */ = {isa = PBXFileReference; explicitFileType = sourcecode.c.h; fileEncoding = 4; name = ofxSliderGroup.h; path = ../../../addons/ofxGui/src/ofxSliderGroup.h; sourceTree = SOURCE_ROOT; };
		"B25542ED-FEEC-4192-B02B-DD7D6CCE5334" /* LineSplitter.h */ = {isa = PBXFileReference; explicitFileType = sourcecode.c.h; fileEncoding = 4; name = LineSplitter.h; path = ../../../addons/ofxAssimpModelLoader/libs/assimp/include/assimp/LineSplitter.h; sourceTree = SOURCE_ROOT; };
		"B2EF1952-E0AB-498F-8EB9-7BCC6A4CC266" /* Exceptional.h */ = {isa = PBXFileReference; explicitFileType = sourcecode.c.h; fileEncoding = 4; name = Exceptional.h; path = ../../../addons/ofxAssimpModelLoader/libs/assimp/include/assimp/Exceptional.h; sourceTree = SOURCE_ROOT; };
		"B46C2B75-ABC4-40C8-8EA4-962B26890988" /* ofxDatGuiThemes.h */ = {isa = PBXFileReference; explicitFileType = sourcecode.c.h; fileEncoding = 4; name = ofxDatGuiThemes.h; path = ../../../addons/ofxDatGui/src/themes/ofxDatGuiThemes.h; sourceTree = SOURCE_ROOT; };
		"B4F0F2EC-0FC7-436E-9A27-CF81C0BC1093" /* StandardShapes.h */ = {isa = PBXFileReference; explicitFileType = sourcecode.c.h; fileEncoding = 4; name = StandardShapes.h; path = ../../../addons/ofxAssimpModelLoader/libs/assimp/include/assimp/StandardShapes.h; sourceTree = SOURCE_ROOT; };
		"B939B175-E16D-40DC-B107-72860EC8A078" /* NullLogger.hpp */ = {isa = PBXFileReference; explicitFileType = sourcecode.c.h; fileEncoding = 4; name = NullLogger.hpp; path = ../../../addons/ofxAssimpModelLoader/libs/assimp/include/assimp/NullLogger.hpp; sourceTree = SOURCE_ROOT; };
		"BDEB7E5A-F2C2-4D5B-B88C-CECCB59A5BEE" /* LogStream.hpp */ = {isa = PBXFileReference; explicitFileType = sourcecode.c.h; fileEncoding = 4; name = LogStream.hpp; path = ../../../addons/ofxAssimpModelLoader/libs/assimp/include/assimp/LogStream.hpp; sourceTree = SOURCE_ROOT; };
		"BED5D9E8-E8CA-4A58-B2CA-43A021007169" /* GenericProperty.h */ = {isa = PBXFileReference; explicitFileType = sourcecode.c.h; fileEncoding = 4; name = GenericProperty.h; path = ../../../addons/ofxAssimpModelLoader/libs/assimp/include/assimp/GenericProperty.h; sourceTree = SOURCE_ROOT; };
		"C4B07298-6597-4305-AE09-ECF26DD1958A" /* DragEventHandler.h */ = {isa = PBXFileReference; explicitFileType = sourcecode.c.h; fileEncoding = 4; name = DragEventHandler.h; path = src/events/DragEventHandler/DragEventHandler.h; sourceTree = SOURCE_ROOT; };
		"C501D408-6A04-4510-A32D-5E3FBBFF626E" /* importerdesc.h */ = {isa = PBXFileReference; explicitFileType = sourcecode.c.h; fileEncoding = 4; name = importerdesc.h; path = ../../../addons/ofxAssimpModelLoader/libs/assimp/include/assimp/importerdesc.h; sourceTree = SOURCE_ROOT; };
		"C61B0737-2F41-4314-AF9D-E3E2A43EE749" /* User_Camera_Movement.cpp */ = {isa = PBXFileReference; explicitFileType = sourcecode.cpp.cpp; fileEncoding = 4; name = User_Camera_Movement.cpp; path = src/modules/User_Camera_Movement/User_Camera_Movement.cpp; sourceTree = SOURCE_ROOT; };
		"C70F1FE2-35AA-47DA-A95E-A376F6730105" /* Grid.cpp */ = {isa = PBXFileReference; explicitFileType = sourcecode.cpp.cpp; fileEncoding = 4; name = Grid.cpp; path = src/modules/Scene/Grid/Grid.cpp; sourceTree = SOURCE_ROOT; };
		"C8189423-38B1-4487-B5EB-BB99EF423D3B" /* Scene.cpp */ = {isa = PBXFileReference; explicitFileType = sourcecode.cpp.cpp; fileEncoding = 4; name = Scene.cpp; path = src/modules/Scene/Scene.cpp; sourceTree = SOURCE_ROOT; };
		"C99FA441-C92C-43BE-B77C-FB297E2F1DE7" /* ofxDatGuiTextInput.h */ = {isa = PBXFileReference; explicitFileType = sourcecode.c.h; fileEncoding = 4; name = ofxDatGuiTextInput.h; path = ../../../addons/ofxDatGui/src/components/ofxDatGuiTextInput.h; sourceTree = SOURCE_ROOT; };
		"C9F65F60-3427-49ED-9FA7-47D986A97291" /* ofxDatGuiTimeGraph.h */ = {isa = PBXFileReference; explicitFileType = sourcecode.c.h; fileEncoding = 4; name = ofxDatGuiTimeGraph.h; path = ../../../addons/ofxDatGui/src/components/ofxDatGuiTimeGraph.h; sourceTree = SOURCE_ROOT; };
		"CB280ABF-8D55-4EDB-9029-921C8A2545C6" /* Hash.h */ = {isa = PBXFileReference; explicitFileType = sourcecode.c.h; fileEncoding = 4; name = Hash.h; path = ../../../addons/ofxAssimpModelLoader/libs/assimp/include/assimp/Hash.h; sourceTree = SOURCE_ROOT; };
		"CB60DB04-FA77-4C8E-8F05-170833531C43" /* matrix3x3.h */ = {isa = PBXFileReference; explicitFileType = sourcecode.c.h; fileEncoding = 4; name = matrix3x3.h; path = ../../../addons/ofxAssimpModelLoader/libs/assimp/include/assimp/matrix3x3.h; sourceTree = SOURCE_ROOT; };
		"CC622E9B-9B43-4142-BFCF-91E7D20F41BE" /* Cursor.h */ = {isa = PBXFileReference; explicitFileType = sourcecode.c.h; fileEncoding = 4; name = Cursor.h; path = src/modules/Cursor/Cursor.h; sourceTree = SOURCE_ROOT; };
		"CCAFA9FB-E560-4B96-BC5F-9A92B403D182" /* ofxAssimpAnimation.h */ = {isa = PBXFileReference; explicitFileType = sourcecode.c.h; fileEncoding = 4; name = ofxAssimpAnimation.h; path = ../../../addons/ofxAssimpModelLoader/src/ofxAssimpAnimation.h; sourceTree = SOURCE_ROOT; };
		"CF71F66A-4502-4F20-AFD0-5014297CDDA2" /* User_Camera_Movement.h */ = {isa = PBXFileReference; explicitFileType = sourcecode.c.h; fileEncoding = 4; name = User_Camera_Movement.h; path = src/modules/User_Camera_Movement/User_Camera_Movement.h; sourceTree = SOURCE_ROOT; };
		"D0C8F548-C3FE-4025-8EB2-02162A4AF4C8" /* Configuration.h */ = {isa = PBXFileReference; explicitFileType = sourcecode.c.h; fileEncoding = 4; name = Configuration.h; path = src/modules/Configuration/Configuration.h; sourceTree = SOURCE_ROOT; };
		"D1B1A02E-CB95-4ADF-AB04-622B5F7C8061" /* ZipArchiveIOSystem.h */ = {isa = PBXFileReference; explicitFileType = sourcecode.c.h; fileEncoding = 4; name = ZipArchiveIOSystem.h; path = ../../../addons/ofxAssimpModelLoader/libs/assimp/include/assimp/ZipArchiveIOSystem.h; sourceTree = SOURCE_ROOT; };
		"D3CDE0D6-05B9-49C5-95CB-CC978AF84D43" /* StringUtils.h */ = {isa = PBXFileReference; explicitFileType = sourcecode.c.h; fileEncoding = 4; name = StringUtils.h; path = ../../../addons/ofxAssimpModelLoader/libs/assimp/include/assimp/StringUtils.h; sourceTree = SOURCE_ROOT; };
		"D584959E-27BF-4441-BB23-944D2679B6B8" /* BaseImporter.h */ = {isa = PBXFileReference; explicitFileType = sourcecode.c.h; fileEncoding = 4; name = BaseImporter.h; path = ../../../addons/ofxAssimpModelLoader/libs/assimp/include/assimp/BaseImporter.h; sourceTree = SOURCE_ROOT; };
		"D6F7C5CB-AFC1-4CF8-8183-EAE1E76F0B8A" /* ofxBaseGui.cpp */ = {isa = PBXFileReference; explicitFileType = sourcecode.cpp.cpp; fileEncoding = 4; name = ofxBaseGui.cpp; path = ../../../addons/ofxGui/src/ofxBaseGui.cpp; sourceTree = SOURCE_ROOT; };
		"D78C5CD4-B7D4-44F0-BE13-B4ED2CEB117E" /* pstdint.h */ = {isa = PBXFileReference; explicitFileType = sourcecode.c.h; fileEncoding = 4; name = pstdint.h; path = ../../../addons/ofxAssimpModelLoader/libs/assimp/include/assimp/Compiler/pstdint.h; sourceTree = SOURCE_ROOT; };
		"D7FDF253-1BB4-4C7F-9FD8-89572F5AA2E1" /* ofxDatGuiIntObject.h */ = {isa = PBXFileReference; explicitFileType = sourcecode.c.h; fileEncoding = 4; name = ofxDatGuiIntObject.h; path = ../../../addons/ofxDatGui/src/core/ofxDatGuiIntObject.h; sourceTree = SOURCE_ROOT; };
		"D8C0B1A1-B904-4542-8705-0A9CF8BAE885" /* version.h */ = {isa = PBXFileReference; explicitFileType = sourcecode.c.h; fileEncoding = 4; name = version.h; path = ../../../addons/ofxAssimpModelLoader/libs/assimp/include/assimp/version.h; sourceTree = SOURCE_ROOT; };
		"D8C5EE35-D174-4345-AE41-2C9773CF15A1" /* ofxInputField.h */ = {isa = PBXFileReference; explicitFileType = sourcecode.c.h; fileEncoding = 4; name = ofxInputField.h; path = ../../../addons/ofxGui/src/ofxInputField.h; sourceTree = SOURCE_ROOT; };
		"D9AA7E54-B776-4EE8-BE1B-AA2E152762D4" /* ModelObject.cpp */ = {isa = PBXFileReference; explicitFileType = sourcecode.cpp.cpp; fileEncoding = 4; name = ModelObject.cpp; path = src/objects/ModelObject/ModelObject.cpp; sourceTree = SOURCE_ROOT; };
		"DB08CC1C-53A7-4E73-9D73-F223262A4274" /* Cone.h */ = {isa = PBXFileReference; explicitFileType = sourcecode.c.h; fileEncoding = 4; name = Cone.h; path = src/objects/ModelObject/Templates/Cone/Cone.h; sourceTree = SOURCE_ROOT; };
		"DB44A929-E736-4484-AF11-E09B8CD43BA4" /* WindowResizedEventHandler.h */ = {isa = PBXFileReference; explicitFileType = sourcecode.c.h; fileEncoding = 4; name = WindowResizedEventHandler.h; path = src/events/WindowResizedEventHandler/WindowResizedEventHandler.h; sourceTree = SOURCE_ROOT; };
		"DB783ED5-C873-4F18-BF85-BD27E2516244" /* mesh.h */ = {isa = PBXFileReference; explicitFileType = sourcecode.c.h; fileEncoding = 4; name = mesh.h; path = ../../../addons/ofxAssimpModelLoader/libs/assimp/include/assimp/mesh.h; sourceTree = SOURCE_ROOT; };
		"DF077EEB-91EB-4B00-956F-B60A88445EE2" /* DefaultIOSystem.h */ = {isa = PBXFileReference; explicitFileType = sourcecode.c.h; fileEncoding = 4; name = DefaultIOSystem.h; path = ../../../addons/ofxAssimpModelLoader/libs/assimp/include/assimp/DefaultIOSystem.h; sourceTree = SOURCE_ROOT; };
		"DFEA4372-7BBB-455B-A52E-2642FE73CB1B" /* ofxAssimpMeshHelper.h */ = {isa = PBXFileReference; explicitFileType = sourcecode.c.h; fileEncoding = 4; name = ofxAssimpMeshHelper.h; path = ../../../addons/ofxAssimpModelLoader/src/ofxAssimpMeshHelper.h; sourceTree = SOURCE_ROOT; };
		"E02A6E87-5E6D-4D5A-9958-BE972EF1EC3C" /* DefaultLogger.hpp */ = {isa = PBXFileReference; explicitFileType = sourcecode.c.h; fileEncoding = 4; name = DefaultLogger.hpp; path = ../../../addons/ofxAssimpModelLoader/libs/assimp/include/assimp/DefaultLogger.hpp; sourceTree = SOURCE_ROOT; };
		"E284508E-F34A-4E3F-9058-86550A07C6B2" /* SceneCombiner.h */ = {isa = PBXFileReference; explicitFileType = sourcecode.c.h; fileEncoding = 4; name = SceneCombiner.h; path = ../../../addons/ofxAssimpModelLoader/libs/assimp/include/assimp/SceneCombiner.h; sourceTree = SOURCE_ROOT; };
		"E2C33502-74DA-41C7-9D8A-EE810A6156DA" /* ParsingUtils.h */ = {isa = PBXFileReference; explicitFileType = sourcecode.c.h; fileEncoding = 4; name = ParsingUtils.h; path = ../../../addons/ofxAssimpModelLoader/libs/assimp/include/assimp/ParsingUtils.h; sourceTree = SOURCE_ROOT; };
		"E381F3E4-0A92-48BC-B540-3612562BE56E" /* KeyEventHandler.cpp */ = {isa = PBXFileReference; explicitFileType = sourcecode.cpp.cpp; fileEncoding = 4; name = KeyEventHandler.cpp; path = src/events/KeyEventHandler/KeyEventHandler.cpp; sourceTree = SOURCE_ROOT; };
		"E3A24136-D819-4F2A-BA07-A81304BE2DAF" /* ofxPanel.h */ = {isa = PBXFileReference; explicitFileType = sourcecode.c.h; fileEncoding = 4; name = ofxPanel.h; path = ../../../addons/ofxGui/src/ofxPanel.h; sourceTree = SOURCE_ROOT; };
		E4B69B5B0A3A1756003C02F2 /* InfographieDebug.app */ = {isa = PBXFileReference; explicitFileType = wrapper.application; includeInIndex = 0; path = InfographieDebug.app; sourceTree = BUILT_PRODUCTS_DIR; };
		E4B69E1D0A3A1BDC003C02F2 /* main.cpp */ = {isa = PBXFileReference; fileEncoding = 4; lastKnownFileType = sourcecode.cpp.cpp; name = main.cpp; path = src/main.cpp; sourceTree = SOURCE_ROOT; };
		E4B6FCAD0C3E899E008CF71C /* openFrameworks-Info.plist */ = {isa = PBXFileReference; fileEncoding = 4; lastKnownFileType = text.plist.xml; path = "openFrameworks-Info.plist"; sourceTree = "<group>"; };
		E4EB6923138AFD0F00A09F29 /* Project.xcconfig */ = {isa = PBXFileReference; fileEncoding = 4; lastKnownFileType = text.xcconfig; path = Project.xcconfig; sourceTree = "<group>"; };
		"E6DB3BA8-21C2-479D-AD20-3F48EDA510CF" /* IOStream.hpp */ = {isa = PBXFileReference; explicitFileType = sourcecode.c.h; fileEncoding = 4; name = IOStream.hpp; path = ../../../addons/ofxAssimpModelLoader/libs/assimp/include/assimp/IOStream.hpp; sourceTree = SOURCE_ROOT; };
		"E8707633-3AFE-4E29-909B-11D38E686A5A" /* ofxDatGuiFRM.h */ = {isa = PBXFileReference; explicitFileType = sourcecode.c.h; fileEncoding = 4; name = ofxDatGuiFRM.h; path = ../../../addons/ofxDatGui/src/components/ofxDatGuiFRM.h; sourceTree = SOURCE_ROOT; };
		"EA2AF3E8-F99C-4332-AFAC-3F2DF3EC8FFB" /* ofxDatGuiGroups.h */ = {isa = PBXFileReference; explicitFileType = sourcecode.c.h; fileEncoding = 4; name = ofxDatGuiGroups.h; path = ../../../addons/ofxDatGui/src/components/ofxDatGuiGroups.h; sourceTree = SOURCE_ROOT; };
		"EBE88BED-8391-43CC-B8BC-F6A58E997353" /* cimport.h */ = {isa = PBXFileReference; explicitFileType = sourcecode.c.h; fileEncoding = 4; name = cimport.h; path = ../../../addons/ofxAssimpModelLoader/libs/assimp/include/assimp/cimport.h; sourceTree = SOURCE_ROOT; };
		"EC74D13E-266B-46BB-B82C-AF2663FE5730" /* quaternion.h */ = {isa = PBXFileReference; explicitFileType = sourcecode.c.h; fileEncoding = 4; name = quaternion.h; path = ../../../addons/ofxAssimpModelLoader/libs/assimp/include/assimp/quaternion.h; sourceTree = SOURCE_ROOT; };
		"EEA7B799-A0A4-4982-AE58-1D56BC47C012" /* qnan.h */ = {isa = PBXFileReference; explicitFileType = sourcecode.c.h; fileEncoding = 4; name = qnan.h; path = ../../../addons/ofxAssimpModelLoader/libs/assimp/include/assimp/qnan.h; sourceTree = SOURCE_ROOT; };
		"EFBE7727-03AC-4624-81DE-771AED52E61E" /* Bitmap.h */ = {isa = PBXFileReference; explicitFileType = sourcecode.c.h; fileEncoding = 4; name = Bitmap.h; path = ../../../addons/ofxAssimpModelLoader/libs/assimp/include/assimp/Bitmap.h; sourceTree = SOURCE_ROOT; };
		"F26A1F58-13EE-47F1-9A1D-6257F381A930" /* Cube.cpp */ = {isa = PBXFileReference; explicitFileType = sourcecode.cpp.cpp; fileEncoding = 4; name = Cube.cpp; path = src/objects/ModelObject/Templates/Cube/Cube.cpp; sourceTree = SOURCE_ROOT; };
		"F2AC2B39-7D60-4D12-9D19-975A02CA231A" /* Sphere.h */ = {isa = PBXFileReference; explicitFileType = sourcecode.c.h; fileEncoding = 4; name = Sphere.h; path = src/objects/ModelObject/Templates/Sphere/Sphere.h; sourceTree = SOURCE_ROOT; };
		"F2B1156A-CBC7-4358-8A55-A4214AD3ABB8" /* types.h */ = {isa = PBXFileReference; explicitFileType = sourcecode.c.h; fileEncoding = 4; name = types.h; path = ../../../addons/ofxAssimpModelLoader/libs/assimp/include/assimp/types.h; sourceTree = SOURCE_ROOT; };
		"F5758E23-2BAA-4311-966E-893B5B674E93" /* ofxDatGuiMatrix.h */ = {isa = PBXFileReference; explicitFileType = sourcecode.c.h; fileEncoding = 4; name = ofxDatGuiMatrix.h; path = ../../../addons/ofxDatGui/src/components/ofxDatGuiMatrix.h; sourceTree = SOURCE_ROOT; };
		"F77C5F1B-A3E2-4C2B-90C3-D94D84D241F8" /* ofxToggle.h */ = {isa = PBXFileReference; explicitFileType = sourcecode.c.h; fileEncoding = 4; name = ofxToggle.h; path = ../../../addons/ofxGui/src/ofxToggle.h; sourceTree = SOURCE_ROOT; };
		"F7B0DBDA-7AF8-4286-B985-AFE52BCF515E" /* ofxGui.h */ = {isa = PBXFileReference; explicitFileType = sourcecode.c.h; fileEncoding = 4; name = ofxGui.h; path = ../../../addons/ofxGui/src/ofxGui.h; sourceTree = SOURCE_ROOT; };
		"F9E378B1-C29C-46AB-B61D-CE47D5E3CB83" /* GUI.h */ = {isa = PBXFileReference; explicitFileType = sourcecode.c.h; fileEncoding = 4; name = GUI.h; path = src/modules/GUI/GUI.h; sourceTree = SOURCE_ROOT; };
		"FA7B7334-F8AA-4105-A3A6-A4C98AC6E4E7" /* primitiveObject.cpp */ = {isa = PBXFileReference; explicitFileType = sourcecode.cpp.cpp; fileEncoding = 4; name = primitiveObject.cpp; path = src/objects/primitiveObject/primitiveObject.cpp; sourceTree = SOURCE_ROOT; };
		"FB592A5D-BF92-4A93-824A-B0EB0A061036" /* Configuration.cpp */ = {isa = PBXFileReference; explicitFileType = sourcecode.cpp.cpp; fileEncoding = 4; name = Configuration.cpp; path = src/modules/Configuration/Configuration.cpp; sourceTree = SOURCE_ROOT; };
		"FD532E12-127A-4A62-B884-74E768C85619" /* XMLTools.h */ = {isa = PBXFileReference; explicitFileType = sourcecode.c.h; fileEncoding = 4; name = XMLTools.h; path = ../../../addons/ofxAssimpModelLoader/libs/assimp/include/assimp/XMLTools.h; sourceTree = SOURCE_ROOT; };
		"FE22C54D-DCA1-405F-A3FE-FE1D0614C5C1" /* color4.h */ = {isa = PBXFileReference; explicitFileType = sourcecode.c.h; fileEncoding = 4; name = color4.h; path = ../../../addons/ofxAssimpModelLoader/libs/assimp/include/assimp/color4.h; sourceTree = SOURCE_ROOT; };
		"FFFBE1AA-938A-4385-BEAF-B6D1A7F92EC0" /* Application.h */ = {isa = PBXFileReference; explicitFileType = sourcecode.c.h; fileEncoding = 4; name = Application.h; path = src/Application.h; sourceTree = SOURCE_ROOT; };
/* End PBXFileReference section */

/* Begin PBXFrameworksBuildPhase section */
		E4B69B590A3A1756003C02F2 /* Frameworks */ = {
			isa = PBXFrameworksBuildPhase;
			buildActionMask = 2147483647;
			files = (
			);
			runOnlyForDeploymentPostprocessing = 0;
		};
/* End PBXFrameworksBuildPhase section */

/* Begin PBXGroup section */
		"02101F2E-EC2D-4AAD-A635-FBD31ECC5DE2" /* Bottom_Left_GUI */ = {
			isa = PBXGroup;
			children = (
				"28FC07CD-A66D-4B99-B86E-E1FDE6FDA482" /* Bottom_Left_GUI.cpp */,
				"A50C1734-C570-4A6A-8F9C-666A1AD805DB" /* Bottom_Left_GUI.h */,
			);
			name = Bottom_Left_GUI;
			path = src/modules/GUI/Bottom_Left_GUI;
			sourceTree = SOURCE_ROOT;
		};
		"0334B29D-20B3-4193-A7B1-A72075AFAC78" /* assimp */ = {
			isa = PBXGroup;
			children = (
				"5001731A-26A7-49FD-86C4-880E007EF68B" /* include */,
			);
			name = assimp;
			path = ../../../addons/ofxAssimpModelLoader/libs/assimp;
			sourceTree = SOURCE_ROOT;
		};
		"038155A7-4773-4059-9081-03ACF88454F7" /* Top_Left_GUI */ = {
			isa = PBXGroup;
			children = (
				"B023CAD8-1765-489E-8509-5596FE1A2781" /* Top_Left_GUI.cpp */,
				"2E3906A4-68A4-4AD1-9075-2C569C294EB5" /* Top_Left_GUI.h */,
			);
			name = Top_Left_GUI;
			path = src/modules/GUI/Top_Left_GUI;
			sourceTree = SOURCE_ROOT;
		};
		"04B06CAE-6DEB-4327-9EF2-CFECF7DE9C79" /* assimp */ = {
			isa = PBXGroup;
			children = (
				"62730FDF-392D-483F-BEA5-D4A8C15E8918" /* Base64.hpp */,
				"D584959E-27BF-4441-BB23-944D2679B6B8" /* BaseImporter.h */,
				"EFBE7727-03AC-4624-81DE-771AED52E61E" /* Bitmap.h */,
				"8B4C357D-D5F6-4C47-8D63-F98DD6B4827A" /* BlobIOSystem.h */,
				"1E7910B8-EA06-4BCD-AE84-A83D8151E390" /* ByteSwapper.h */,
				"8ED08F59-C2FA-4D60-8B57-20CB2CAA67C4" /* ColladaMetaData.h */,
				"051CF2D2-1CBF-44C6-AEE7-A9351FFB371F" /* Compiler */,
				"87971C40-1F4D-4C92-8A5A-9534856F51A8" /* CreateAnimMesh.h */,
				"182A8260-2B5E-4E89-A9E9-574BFE84CBCA" /* DefaultIOStream.h */,
				"DF077EEB-91EB-4B00-956F-B60A88445EE2" /* DefaultIOSystem.h */,
				"E02A6E87-5E6D-4D5A-9958-BE972EF1EC3C" /* DefaultLogger.hpp */,
				"B2EF1952-E0AB-498F-8EB9-7BCC6A4CC266" /* Exceptional.h */,
				"427D3A7B-8EB9-40F8-AA87-B07BF9A723A3" /* Exporter.hpp */,
				"BED5D9E8-E8CA-4A58-B2CA-43A021007169" /* GenericProperty.h */,
				"4842998D-F51D-4D72-932C-1F91718B0E49" /* GltfMaterial.h */,
				"CB280ABF-8D55-4EDB-9029-921C8A2545C6" /* Hash.h */,
				"E6DB3BA8-21C2-479D-AD20-3F48EDA510CF" /* IOStream.hpp */,
				"8595F4AA-136D-4B83-B7F5-8C9D6279E8B4" /* IOStreamBuffer.h */,
				"4707FFC1-4BC2-4B54-AE1F-834775C5EC8A" /* IOSystem.hpp */,
				"AB506F77-B321-4917-93D5-91FBE539E06C" /* Importer.hpp */,
				"B25542ED-FEEC-4192-B02B-DD7D6CCE5334" /* LineSplitter.h */,
				"9405F7D5-A443-48B6-B5EE-C9B45F0282B9" /* LogAux.h */,
				"BDEB7E5A-F2C2-4D5B-B88C-CECCB59A5BEE" /* LogStream.hpp */,
				"3439D688-9A1A-437B-82B9-641D67A90F96" /* Logger.hpp */,
				"67E70F30-19C6-44A7-8220-B8E0E560F4A6" /* MathFunctions.h */,
				"0E4CC55A-7186-47AC-8551-6C0DB49A07DF" /* MemoryIOWrapper.h */,
				"B939B175-E16D-40DC-B107-72860EC8A078" /* NullLogger.hpp */,
				"8AA6D8A8-A371-4190-9AAA-87397077A1BC" /* ObjMaterial.h */,
				"E2C33502-74DA-41C7-9D8A-EE810A6156DA" /* ParsingUtils.h */,
				"8802FC57-0F8C-496D-923F-371AA1B40380" /* Profiler.h */,
				"8C873698-ED5F-40C2-B491-1E07613F4B1D" /* ProgressHandler.hpp */,
				"3AFBAD1C-5818-4799-96EA-0BFFEC424496" /* RemoveComments.h */,
				"1125F94C-9B3C-4014-9D1A-0F7B6B89F205" /* SGSpatialSort.h */,
				"E284508E-F34A-4E3F-9058-86550A07C6B2" /* SceneCombiner.h */,
				"011DD25A-A8F6-4A47-A6F4-EE1AF4C7859B" /* SkeletonMeshBuilder.h */,
				"0A9C765F-B54F-4CC6-8F1D-5B5A2D0DC069" /* SmallVector.h */,
				"49A4AFE4-B09D-4266-B017-AEB62B73D253" /* SmoothingGroups.h */,
				"09697474-37EB-4007-8C23-64BBC710F422" /* SpatialSort.h */,
				"B4F0F2EC-0FC7-436E-9A27-CF81C0BC1093" /* StandardShapes.h */,
				"20D1A2E3-B060-4F71-860D-D186B3F01BD8" /* StreamReader.h */,
				"98F70CCE-CD06-4BAF-BC55-93FCC368742B" /* StreamWriter.h */,
				"6C9E3697-BEF1-484F-9B07-2AE6A4F59F81" /* StringComparison.h */,
				"D3CDE0D6-05B9-49C5-95CB-CC978AF84D43" /* StringUtils.h */,
				"1BF80510-8AA1-4210-9153-9B79FD4C7F72" /* Subdivision.h */,
				"6B91D6F7-EC01-43F3-9A1D-6EA8680A40E0" /* TinyFormatter.h */,
				"50B7B235-C4BC-4584-9915-11C138E12D42" /* Vertex.h */,
				"FD532E12-127A-4A62-B884-74E768C85619" /* XMLTools.h */,
				"53B7F035-065D-46D3-BB01-DD7CDCAE9ED3" /* XmlParser.h */,
				"D1B1A02E-CB95-4ADF-AB04-622B5F7C8061" /* ZipArchiveIOSystem.h */,
				"975B357F-E8DB-4391-AFE9-AC7631E1C330" /* aabb.h */,
				"60D1FD4E-4875-46FC-842D-6D9E69E69B60" /* ai_assert.h */,
				"50FEC746-BE0C-40A3-B687-4BB0A3F70536" /* anim.h */,
				"A7B9FDAA-D1F0-4103-B8CF-7FB1CA1C2129" /* camera.h */,
				"2543B2BF-56C7-4218-804A-4260F8DEA414" /* cexport.h */,
				"96DFA2C3-DA43-4161-AEDE-D58B548D457C" /* cfileio.h */,
				"EBE88BED-8391-43CC-B8BC-F6A58E997353" /* cimport.h */,
				"FE22C54D-DCA1-405F-A3FE-FE1D0614C5C1" /* color4.h */,
				"7E6CC3F5-54B3-4656-AC97-7E1EB0B3B452" /* commonMetaData.h */,
				"44FBE878-90A6-4FB6-8419-A4B6C6F0DE96" /* config.h */,
				"7EA7DC93-3CC0-4377-BF74-9EC6077CDD99" /* defs.h */,
				"417B1202-1945-4AFD-8533-1531004C41AC" /* fast_atof.h */,
				"C501D408-6A04-4510-A32D-5E3FBBFF626E" /* importerdesc.h */,
				"322367CE-2375-48C4-BEF5-E42E3CAAE790" /* light.h */,
				"7ADEA103-A0AE-416A-AD0B-81130188A677" /* material.h */,
				"CB60DB04-FA77-4C8E-8F05-170833531C43" /* matrix3x3.h */,
				"9DD6ADDC-4ECE-4C58-8F31-07E5807A1365" /* matrix4x4.h */,
				"DB783ED5-C873-4F18-BF85-BD27E2516244" /* mesh.h */,
				"067E3AD3-B724-4C0C-9EC1-3B10CDD26F19" /* metadata.h */,
				"7A141AC0-0E1D-4C23-B0AD-17F161516C88" /* pbrmaterial.h */,
				"FC34206D-C160-4125-AA43-14AA52548AC1" /* port */,
				"B09725FD-CEF6-4404-9529-7BC1C765FCAD" /* postprocess.h */,
				"EEA7B799-A0A4-4982-AE58-1D56BC47C012" /* qnan.h */,
				"EC74D13E-266B-46BB-B82C-AF2663FE5730" /* quaternion.h */,
				"34A2B19A-2C91-44D7-9960-F4DDABB8F7A8" /* scene.h */,
				"2213A856-9336-405E-8575-E5EB89F0A3A3" /* texture.h */,
				"F2B1156A-CBC7-4358-8A55-A4214AD3ABB8" /* types.h */,
				"4AB88675-0EF8-47C8-B720-22AA26C9464E" /* vector2.h */,
				"04067A6A-01BE-4813-996D-BCC89E764E5A" /* vector3.h */,
				"D8C0B1A1-B904-4542-8705-0A9CF8BAE885" /* version.h */,
			);
			name = assimp;
			path = ../../../addons/ofxAssimpModelLoader/libs/assimp/include/assimp;
			sourceTree = SOURCE_ROOT;
		};
		"051CF2D2-1CBF-44C6-AEE7-A9351FFB371F" /* Compiler */ = {
			isa = PBXGroup;
			children = (
				"1060242E-4420-40C9-B4AC-29391C07E94A" /* poppack1.h */,
				"D78C5CD4-B7D4-44F0-BE13-B4ED2CEB117E" /* pstdint.h */,
				"50C5820C-4B65-41BA-9830-13F8C85A3525" /* pushpack1.h */,
			);
			name = Compiler;
			path = ../../../addons/ofxAssimpModelLoader/libs/assimp/include/assimp/Compiler;
			sourceTree = SOURCE_ROOT;
		};
		"07BA36B3-01CC-4CD0-91C9-E5BF21036CF3" /* modules */ = {
			isa = PBXGroup;
			children = (
				"6BC48AD3-A53A-412A-8560-31B10C4006FE" /* Configuration */,
				"C940A88E-D211-4E39-BF9D-DDAEF5669AC8" /* Cursor */,
				"E4A64B6B-B253-4ACC-BF7D-20825B4FF419" /* GUI */,
				"54773345-68A6-4AC2-8C9F-7CC051E3FAEB" /* Image */,
				"F3D92334-123A-4C7C-96B8-C0D3C0D235C4" /* Scene */,
				"3588543C-B538-487D-BBBE-9E1F8C33AD99" /* User_Camera_Movement */,
			);
			name = modules;
			path = src/modules;
			sourceTree = SOURCE_ROOT;
		};
		"087EBD7D-C4C1-4576-9A01-13AC90C7BB9E" /* Cylinder */ = {
			isa = PBXGroup;
			children = (
				"86117789-E764-49AB-822D-057C77B4CF1A" /* Cylinder.cpp */,
				"71A70C92-DDC7-4DE3-B5E7-1E8D14D4E4A5" /* Cylinder.h */,
			);
			name = Cylinder;
			path = src/objects/ModelObject/Templates/Cylinder;
			sourceTree = SOURCE_ROOT;
		};
		"131FF2D5-225C-45F6-8A18-12AD98B48713" /* ofxSmartFont */ = {
			isa = PBXGroup;
			children = (
				"827A738E-94DC-494D-9735-E8071E6373FA" /* ofxSmartFont.cpp */,
				"83A1ABEF-3A37-4BB5-90FA-239439ED64F8" /* ofxSmartFont.h */,
			);
			name = ofxSmartFont;
			path = ../../../addons/ofxDatGui/src/libs/ofxSmartFont;
			sourceTree = SOURCE_ROOT;
		};
		"2BA1EB1F-FDF4-4B62-AB1C-993B6F87366E" /* events */ = {
			isa = PBXGroup;
			children = (
				"2C3A34E9-9968-4947-AFFC-D3A47A12BC6A" /* DragEventHandler */,
				"2E26F6CD-D5C5-423D-BD22-E36273A5ACA4" /* KeyEventHandler */,
				"B88B74ED-42EE-4555-B83F-E994B2484280" /* MouseEventHandler */,
				"969C9E03-9A5E-44DE-A21C-A8F3641DCD08" /* WindowResizedEventHandler */,
			);
			name = events;
			path = src/events;
			sourceTree = SOURCE_ROOT;
		};
		"2C3A34E9-9968-4947-AFFC-D3A47A12BC6A" /* DragEventHandler */ = {
			isa = PBXGroup;
			children = (
				"A43C4D29-F6E9-408E-B9FC-41433B0A5079" /* DragEventHandler.cpp */,
				"C4B07298-6597-4305-AE09-ECF26DD1958A" /* DragEventHandler.h */,
			);
			name = DragEventHandler;
			path = src/events/DragEventHandler;
			sourceTree = SOURCE_ROOT;
		};
		"2CE9D739-9B7C-4638-A3B4-7D1ABBFDA2CC" /* primitiveObject */ = {
			isa = PBXGroup;
			children = (
				"FA7B7334-F8AA-4105-A3A6-A4C98AC6E4E7" /* primitiveObject.cpp */,
				"7C348F71-1F30-4341-9D60-27FCBE832F7C" /* primitiveObject.h */,
			);
			name = primitiveObject;
			path = src/objects/primitiveObject;
			sourceTree = SOURCE_ROOT;
		};
		"2E26F6CD-D5C5-423D-BD22-E36273A5ACA4" /* KeyEventHandler */ = {
			isa = PBXGroup;
			children = (
				"E381F3E4-0A92-48BC-B540-3612562BE56E" /* KeyEventHandler.cpp */,
				"3086B940-18C8-473E-A883-D8C9FEA5264E" /* KeyEventHandler.h */,
			);
			name = KeyEventHandler;
			path = src/events/KeyEventHandler;
			sourceTree = SOURCE_ROOT;
		};
		"3588543C-B538-487D-BBBE-9E1F8C33AD99" /* User_Camera_Movement */ = {
			isa = PBXGroup;
			children = (
				"C61B0737-2F41-4314-AF9D-E3E2A43EE749" /* User_Camera_Movement.cpp */,
				"CF71F66A-4502-4F20-AFD0-5014297CDDA2" /* User_Camera_Movement.h */,
			);
			name = User_Camera_Movement;
			path = src/modules/User_Camera_Movement;
			sourceTree = SOURCE_ROOT;
		};
		"5001731A-26A7-49FD-86C4-880E007EF68B" /* include */ = {
			isa = PBXGroup;
			children = (
				"04B06CAE-6DEB-4327-9EF2-CFECF7DE9C79" /* assimp */,
			);
			name = include;
			path = ../../../addons/ofxAssimpModelLoader/libs/assimp/include;
			sourceTree = SOURCE_ROOT;
		};
		"54383FC6-B9C2-422F-A82D-9FCDAA7378EB" /* Cone */ = {
			isa = PBXGroup;
			children = (
				"2BA25291-D0A9-48C1-B88C-6268FBD5FEED" /* Cone.cpp */,
				"DB08CC1C-53A7-4E73-9D73-F223262A4274" /* Cone.h */,
			);
			name = Cone;
			path = src/objects/ModelObject/Templates/Cone;
			sourceTree = SOURCE_ROOT;
		};
		"54773345-68A6-4AC2-8C9F-7CC051E3FAEB" /* Image */ = {
			isa = PBXGroup;
			children = (
				"5D814F3B-C999-49A8-8A78-BFEBB3061101" /* Image.cpp */,
				"6DC3CEE5-FA5E-4006-98FD-A205E6C40E56" /* Image.h */,
			);
			name = Image;
			path = src/modules/Image;
			sourceTree = SOURCE_ROOT;
		};
		"577E4D62-FBBA-48BA-8F78-ADE035A6F4A3" /* ofxGui */ = {
			isa = PBXGroup;
			children = (
				"D1E64212-9285-4E47-AF7E-A110BF906B12" /* src */,
			);
			name = ofxGui;
			path = ../../../addons/ofxGui;
			sourceTree = SOURCE_ROOT;
		};
		"6498CE16-3828-46D1-A261-9C53DE965B48" /* ofxAssimpModelLoader */ = {
			isa = PBXGroup;
			children = (
				"A92F2966-0C0D-4219-B7DF-09954C3E9BA5" /* libs */,
				"E597F471-F0E4-4D2E-863F-35617D8A8538" /* src */,
			);
			name = ofxAssimpModelLoader;
			path = ../../../addons/ofxAssimpModelLoader;
			sourceTree = SOURCE_ROOT;
		};
		"6A5D2CF6-C46F-46AF-BC94-C9E4965EF2F9" /* ofxDatGui */ = {
			isa = PBXGroup;
			children = (
				"8CE81617-6BF0-4636-8694-9D6A76703ABF" /* src */,
			);
			name = ofxDatGui;
			path = ../../../addons/ofxDatGui;
			sourceTree = SOURCE_ROOT;
		};
		"6BC48AD3-A53A-412A-8560-31B10C4006FE" /* Configuration */ = {
			isa = PBXGroup;
			children = (
				"FB592A5D-BF92-4A93-824A-B0EB0A061036" /* Configuration.cpp */,
				"D0C8F548-C3FE-4025-8EB2-02162A4AF4C8" /* Configuration.h */,
			);
			name = Configuration;
			path = src/modules/Configuration;
			sourceTree = SOURCE_ROOT;
		};
		"72FA03C3-32F7-42F3-95E5-73466A54ED5C" /* themes */ = {
			isa = PBXGroup;
			children = (
				"18FE702B-F779-42F3-823A-11E7E4DC4C48" /* ofxDatGuiTheme.h */,
				"B46C2B75-ABC4-40C8-8EA4-962B26890988" /* ofxDatGuiThemes.h */,
			);
			name = themes;
			path = ../../../addons/ofxDatGui/src/themes;
			sourceTree = SOURCE_ROOT;
		};
		"845020B4-0A83-4787-A15B-260B1BA59FA2" /* objects */ = {
			isa = PBXGroup;
			children = (
				"B81E1B99-24E0-4B58-A027-A4FB15DFBF0D" /* ImageObject */,
				"9E8FCB57-B06A-476F-9BBC-9C4B65F5430F" /* ModelObject */,
				"7ABB9F9D-F1CA-416E-9D70-298168F981DD" /* Object3D.cpp */,
				"220EAA78-4637-4029-935E-6B2AE6220183" /* Object3D.h */,
				"2CE9D739-9B7C-4638-A3B4-7D1ABBFDA2CC" /* primitiveObject */,
			);
			name = objects;
			path = src/objects;
			sourceTree = SOURCE_ROOT;
		};
		"8CE81617-6BF0-4636-8694-9D6A76703ABF" /* src */ = {
			isa = PBXGroup;
			children = (
				"EFA43E23-DDE4-4053-9CD1-225962F2E0D6" /* components */,
				"B5BDA540-DB7D-43E0-982A-F15B28DFDE14" /* core */,
				"A10FD34F-E648-4A50-BD3D-E9BD8D95A11B" /* libs */,
				"8629EB10-E4DD-4220-96B0-4A15591F0290" /* ofxDatGui.cpp */,
				"54266787-E639-410D-8560-9D1C43C3F973" /* ofxDatGui.h */,
				"72FA03C3-32F7-42F3-95E5-73466A54ED5C" /* themes */,
			);
			name = src;
			path = ../../../addons/ofxDatGui/src;
			sourceTree = SOURCE_ROOT;
		};
		"906BC9ED-510A-4459-A3D5-A5BF37360607" /* Sphere */ = {
			isa = PBXGroup;
			children = (
				"5FDB6637-DB04-4D16-B108-BA0375A4C6A1" /* Sphere.cpp */,
				"F2AC2B39-7D60-4D12-9D19-975A02CA231A" /* Sphere.h */,
			);
			name = Sphere;
			path = src/objects/ModelObject/Templates/Sphere;
			sourceTree = SOURCE_ROOT;
		};
		"94B6BC36-FB43-45E6-84BE-2ED4D6BCD822" /* AndroidJNI */ = {
			isa = PBXGroup;
			children = (
				"01D02D36-5B97-4321-83C9-95BCD8B898C4" /* AndroidJNIIOSystem.h */,
				"7A728AB5-41D1-4E25-A14A-34B48B67B86B" /* BundledAssetIOSystem.h */,
			);
			name = AndroidJNI;
			path = ../../../addons/ofxAssimpModelLoader/libs/assimp/include/assimp/port/AndroidJNI;
			sourceTree = SOURCE_ROOT;
		};
		"969C9E03-9A5E-44DE-A21C-A8F3641DCD08" /* WindowResizedEventHandler */ = {
			isa = PBXGroup;
			children = (
				"6C612760-887E-4150-8A68-DCE9C1C5B18C" /* WindowResizedEventHandler.cpp */,
				"DB44A929-E736-4484-AF11-E09B8CD43BA4" /* WindowResizedEventHandler.h */,
			);
			name = WindowResizedEventHandler;
			path = src/events/WindowResizedEventHandler;
			sourceTree = SOURCE_ROOT;
		};
		"97981F0A-4A31-4C30-9370-FCC06C3B11D6" /* Top_Right_GUI */ = {
			isa = PBXGroup;
			children = (
				"B0B05980-A081-42BC-B640-37BFD0220CFF" /* Top_Right_GUI.cpp */,
				"2D68CA78-7EB6-47B5-AE0B-A0D287CA3E6F" /* Top_Right_GUI.h */,
			);
			name = Top_Right_GUI;
			path = src/modules/GUI/Top_Right_GUI;
			sourceTree = SOURCE_ROOT;
		};
		"9E8FCB57-B06A-476F-9BBC-9C4B65F5430F" /* ModelObject */ = {
			isa = PBXGroup;
			children = (
				"D9AA7E54-B776-4EE8-BE1B-AA2E152762D4" /* ModelObject.cpp */,
				"44CA90EB-1B79-4F32-B5A1-552F8094271B" /* ModelObject.h */,
				"FDFC22C7-DF37-4966-8576-71B0FD50318D" /* Templates */,
			);
			name = ModelObject;
			path = src/objects/ModelObject;
			sourceTree = SOURCE_ROOT;
		};
		"A10FD34F-E648-4A50-BD3D-E9BD8D95A11B" /* libs */ = {
			isa = PBXGroup;
			children = (
				"131FF2D5-225C-45F6-8A18-12AD98B48713" /* ofxSmartFont */,
			);
			name = libs;
			path = ../../../addons/ofxDatGui/src/libs;
			sourceTree = SOURCE_ROOT;
		};
		"A92F2966-0C0D-4219-B7DF-09954C3E9BA5" /* libs */ = {
			isa = PBXGroup;
			children = (
				"0334B29D-20B3-4193-A7B1-A72075AFAC78" /* assimp */,
			);
			name = libs;
			path = ../../../addons/ofxAssimpModelLoader/libs;
			sourceTree = SOURCE_ROOT;
		};
		"AA23FF26-82DE-4BDC-9C35-B3ECD423D07D" /* Grid */ = {
			isa = PBXGroup;
			children = (
				"C70F1FE2-35AA-47DA-A95E-A376F6730105" /* Grid.cpp */,
				"1DB5D7CF-892E-4253-A90B-3D7D90B4834C" /* Grid.h */,
			);
			name = Grid;
			path = src/modules/Scene/Grid;
			sourceTree = SOURCE_ROOT;
		};
		"B5BDA540-DB7D-43E0-982A-F15B28DFDE14" /* core */ = {
			isa = PBXGroup;
			children = (
				"8441BC3D-05C6-40CF-B82D-1F51B6378E96" /* ofxDatGuiComponent.cpp */,
				"3040E594-4C7E-4BFF-A8F9-412E8E207D69" /* ofxDatGuiComponent.h */,
				"436B7D6C-3C71-4B59-9CD1-CDE5B18CD90B" /* ofxDatGuiConstants.h */,
				"0A3D4376-7580-461E-B82E-25B5DF06B3B0" /* ofxDatGuiEvents.h */,
				"D7FDF253-1BB4-4C7F-9FD8-89572F5AA2E1" /* ofxDatGuiIntObject.h */,
			);
			name = core;
			path = ../../../addons/ofxDatGui/src/core;
			sourceTree = SOURCE_ROOT;
		};
		"B81E1B99-24E0-4B58-A027-A4FB15DFBF0D" /* ImageObject */ = {
			isa = PBXGroup;
			children = (
				"651F5CD5-485E-4340-A6BD-2F198E41C6C8" /* ImageObject.cpp */,
				"71307345-6869-4E84-8D52-261B820D070E" /* ImageObject.h */,
			);
			name = ImageObject;
			path = src/objects/ImageObject;
			sourceTree = SOURCE_ROOT;
		};
		"B88B74ED-42EE-4555-B83F-E994B2484280" /* MouseEventHandler */ = {
			isa = PBXGroup;
			children = (
				"3B548E29-5AD9-43C2-9459-DB00470B53B2" /* MouseEventHandler.cpp */,
				"115A665D-C6A5-4656-BD1D-FA1DECC81575" /* MouseEventHandler.h */,
			);
			name = MouseEventHandler;
			path = src/events/MouseEventHandler;
			sourceTree = SOURCE_ROOT;
		};
		BB4B014C10F69532006C3DED /* addons */ = {
			isa = PBXGroup;
			children = (
				"6498CE16-3828-46D1-A261-9C53DE965B48" /* ofxAssimpModelLoader */,
				"6A5D2CF6-C46F-46AF-BC94-C9E4965EF2F9" /* ofxDatGui */,
				"577E4D62-FBBA-48BA-8F78-ADE035A6F4A3" /* ofxGui */,
			);
			name = addons;
			path = ../../../addons;
			sourceTree = "<group>";
		};
		"C22C2C1C-DE00-4344-BAE2-45940A0BB576" /* Cube */ = {
			isa = PBXGroup;
			children = (
				"F26A1F58-13EE-47F1-9A1D-6257F381A930" /* Cube.cpp */,
				"53FAD0F2-9C33-4B24-9357-8B5375D3D97A" /* Cube.h */,
			);
			name = Cube;
			path = src/objects/ModelObject/Templates/Cube;
			sourceTree = SOURCE_ROOT;
		};
		"C940A88E-D211-4E39-BF9D-DDAEF5669AC8" /* Cursor */ = {
			isa = PBXGroup;
			children = (
				"076F22CE-1055-4885-8C88-1A52903D6DA2" /* Cursor.cpp */,
				"CC622E9B-9B43-4142-BFCF-91E7D20F41BE" /* Cursor.h */,
			);
			name = Cursor;
			path = src/modules/Cursor;
			sourceTree = SOURCE_ROOT;
		};
		"CBFEC2B8-1E3D-460C-816C-89C98FF894F5" /* Bottom_Right_GUI */ = {
			isa = PBXGroup;
			children = (
				"364FCC4B-96F0-40C0-AF75-7B1EB10EF76B" /* Bottom_Right_GUI.cpp */,
				"40F41EB0-80B7-4C4A-8214-690D35DFCF20" /* Bottom_Right_GUI.h */,
			);
			name = Bottom_Right_GUI;
			path = src/modules/GUI/Bottom_Right_GUI;
			sourceTree = SOURCE_ROOT;
		};
		"D1E64212-9285-4E47-AF7E-A110BF906B12" /* src */ = {
			isa = PBXGroup;
			children = (
				"D6F7C5CB-AFC1-4CF8-8183-EAE1E76F0B8A" /* ofxBaseGui.cpp */,
				"18C7181E-5201-4730-BEAB-245C836D396A" /* ofxBaseGui.h */,
				"4C16E57C-94F0-4848-B007-D2141A5C276F" /* ofxButton.cpp */,
				"008E1172-A7C9-4646-A22D-53ABF3811D9A" /* ofxButton.h */,
				"812AC314-27FB-449B-A3E3-ADB80896DBCC" /* ofxColorPicker.cpp */,
				"65185A0C-D0DD-4D96-BE23-E71B8BB3DD2B" /* ofxColorPicker.h */,
				"F7B0DBDA-7AF8-4286-B985-AFE52BCF515E" /* ofxGui.h */,
				"B0C0559A-04A3-497A-856E-DD4283DB7C21" /* ofxGuiGroup.cpp */,
				"4226C29B-3B58-46C3-A142-12BA2506810C" /* ofxGuiGroup.h */,
				"55354E9F-FEAA-494F-AF44-550B987EBDE6" /* ofxGuiUtils.h */,
				"0B913A32-3BD1-4806-B358-B457C13B1D55" /* ofxInputField.cpp */,
				"D8C5EE35-D174-4345-AE41-2C9773CF15A1" /* ofxInputField.h */,
				"029A039A-BDF2-4984-A2BB-4E11BE4CA334" /* ofxLabel.cpp */,
				"74D63B28-84C4-47EE-9065-A297E9802DD1" /* ofxLabel.h */,
				"24492486-CA38-4CF1-980F-E9AA56A25FDA" /* ofxPanel.cpp */,
				"E3A24136-D819-4F2A-BA07-A81304BE2DAF" /* ofxPanel.h */,
				"AD08EE6F-7CE1-4FB2-8F9F-84AE0F0E779A" /* ofxSlider.cpp */,
				"71F8D800-D915-45E3-A4D3-343CB2B6C583" /* ofxSlider.h */,
				"08A84E07-1A7E-4194-9D1E-32F8B565D907" /* ofxSliderGroup.cpp */,
				"B10DCF17-7630-485D-ADA1-76D715976913" /* ofxSliderGroup.h */,
				"64BCEC97-F26E-40AC-A1D4-66A81ABFAE24" /* ofxToggle.cpp */,
				"F77C5F1B-A3E2-4C2B-90C3-D94D84D241F8" /* ofxToggle.h */,
			);
			name = src;
			path = ../../../addons/ofxGui/src;
			sourceTree = SOURCE_ROOT;
		};
		"E4A64B6B-B253-4ACC-BF7D-20825B4FF419" /* GUI */ = {
			isa = PBXGroup;
			children = (
				"02101F2E-EC2D-4AAD-A635-FBD31ECC5DE2" /* Bottom_Left_GUI */,
				"CBFEC2B8-1E3D-460C-816C-89C98FF894F5" /* Bottom_Right_GUI */,
				"28971CC1-DC3F-4275-9714-B2B2B969D6E6" /* GUI.cpp */,
				"F9E378B1-C29C-46AB-B61D-CE47D5E3CB83" /* GUI.h */,
				"038155A7-4773-4059-9081-03ACF88454F7" /* Top_Left_GUI */,
				"97981F0A-4A31-4C30-9370-FCC06C3B11D6" /* Top_Right_GUI */,
			);
			name = GUI;
			path = src/modules/GUI;
			sourceTree = SOURCE_ROOT;
		};
		E4B69B4A0A3A1720003C02F2 = {
			isa = PBXGroup;
			children = (
				191CD6FA2847E21E0085CBB6 /* of.entitlements */,
				E4B6FCAD0C3E899E008CF71C /* openFrameworks-Info.plist */,
				E4EB6923138AFD0F00A09F29 /* Project.xcconfig */,
				E4B69E1C0A3A1BDC003C02F2 /* src */,
				191EF70929D778A400F35F26 /* openFrameworks */,
				BB4B014C10F69532006C3DED /* addons */,
				E4B69B5B0A3A1756003C02F2 /* InfographieDebug.app */,
			);
			sourceTree = "<group>";
		};
		E4B69E1C0A3A1BDC003C02F2 /* src */ = {
			isa = PBXGroup;
			children = (
				E4B69E1D0A3A1BDC003C02F2 /* main.cpp */,
				"A1999B32-8069-4DD5-A3A4-F8E8B86F7B8E" /* Application.cpp */,
				"FFFBE1AA-938A-4385-BEAF-B6D1A7F92EC0" /* Application.h */,
				"9C00E919-D72B-4174-B23A-862330049F1D" /* Renderer.cpp */,
				"7EE0B243-023D-4A7E-917B-191DCADB19DA" /* Renderer.h */,
				"2BA1EB1F-FDF4-4B62-AB1C-993B6F87366E" /* events */,
				"07BA36B3-01CC-4CD0-91C9-E5BF21036CF3" /* modules */,
				"845020B4-0A83-4787-A15B-260B1BA59FA2" /* objects */,
			);
			path = src;
			sourceTree = SOURCE_ROOT;
		};
		"E597F471-F0E4-4D2E-863F-35617D8A8538" /* src */ = {
			isa = PBXGroup;
			children = (
				"52B47E91-2F00-4416-8047-6866F5E81EE6" /* ofxAssimpAnimation.cpp */,
				"CCAFA9FB-E560-4B96-BC5F-9A92B403D182" /* ofxAssimpAnimation.h */,
				"65359603-2427-4399-B65F-6F03E84ED0AE" /* ofxAssimpMeshHelper.cpp */,
				"DFEA4372-7BBB-455B-A52E-2642FE73CB1B" /* ofxAssimpMeshHelper.h */,
				"11C076D8-83F6-4747-9783-6A6646019782" /* ofxAssimpModelLoader.cpp */,
				"4F3C56FC-C9A7-4EBE-85F7-A6ED3FE58E10" /* ofxAssimpModelLoader.h */,
				"82C9F60F-1A59-4FDD-804A-B6EC24E5AF01" /* ofxAssimpTexture.cpp */,
				"50A67A82-5367-4C05-902D-ABA08ACF08DC" /* ofxAssimpTexture.h */,
				"0D7DBF48-B63C-4A71-B07C-73A4E49A2038" /* ofxAssimpUtils.h */,
			);
			name = src;
			path = ../../../addons/ofxAssimpModelLoader/src;
			sourceTree = SOURCE_ROOT;
		};
		"EFA43E23-DDE4-4053-9CD1-225962F2E0D6" /* components */ = {
			isa = PBXGroup;
			children = (
				"8B5BD26F-C725-4078-B87E-D65C96BCBE06" /* ofxDatGui2dPad.h */,
				"A0377458-3C15-4C19-8529-F002FDF568D8" /* ofxDatGuiButton.h */,
				"5C977CA3-B6B9-4535-B759-EBB78A6BE103" /* ofxDatGuiColorPicker.h */,
				"942B6755-5E56-4FA4-AB37-CBD54340BC79" /* ofxDatGuiControls.h */,
				"E8707633-3AFE-4E29-909B-11D38E686A5A" /* ofxDatGuiFRM.h */,
				"EA2AF3E8-F99C-4332-AFAC-3F2DF3EC8FFB" /* ofxDatGuiGroups.h */,
				"25E0A1EF-2C86-4BF8-BA75-D721D168B6CE" /* ofxDatGuiLabel.h */,
				"F5758E23-2BAA-4311-966E-893B5B674E93" /* ofxDatGuiMatrix.h */,
				"90201E27-95F9-46DC-9485-2492F3A3E9D0" /* ofxDatGuiScrollView.h */,
				"8B08C1FD-686F-4014-A789-DBCE516FFED2" /* ofxDatGuiSlider.h */,
				"C99FA441-C92C-43BE-B77C-FB297E2F1DE7" /* ofxDatGuiTextInput.h */,
				"20AFFE0F-6428-4E95-9575-DEA4754A427C" /* ofxDatGuiTextInputField.h */,
				"C9F65F60-3427-49ED-9FA7-47D986A97291" /* ofxDatGuiTimeGraph.h */,
			);
			name = components;
			path = ../../../addons/ofxDatGui/src/components;
			sourceTree = SOURCE_ROOT;
		};
		"F3D92334-123A-4C7C-96B8-C0D3C0D235C4" /* Scene */ = {
			isa = PBXGroup;
			children = (
				"AA23FF26-82DE-4BDC-9C35-B3ECD423D07D" /* Grid */,
				"C8189423-38B1-4487-B5EB-BB99EF423D3B" /* Scene.cpp */,
				"376D4030-8F20-48D6-A05E-6432E599AE5B" /* Scene.h */,
			);
			name = Scene;
			path = src/modules/Scene;
			sourceTree = SOURCE_ROOT;
		};
		"FC34206D-C160-4125-AA43-14AA52548AC1" /* port */ = {
			isa = PBXGroup;
			children = (
				"94B6BC36-FB43-45E6-84BE-2ED4D6BCD822" /* AndroidJNI */,
			);
			name = port;
			path = ../../../addons/ofxAssimpModelLoader/libs/assimp/include/assimp/port;
			sourceTree = SOURCE_ROOT;
		};
		"FDFC22C7-DF37-4966-8576-71B0FD50318D" /* Templates */ = {
			isa = PBXGroup;
			children = (
				"54383FC6-B9C2-422F-A82D-9FCDAA7378EB" /* Cone */,
				"C22C2C1C-DE00-4344-BAE2-45940A0BB576" /* Cube */,
				"087EBD7D-C4C1-4576-9A01-13AC90C7BB9E" /* Cylinder */,
				"906BC9ED-510A-4459-A3D5-A5BF37360607" /* Sphere */,
			);
			name = Templates;
			path = src/objects/ModelObject/Templates;
			sourceTree = SOURCE_ROOT;
		};
/* End PBXGroup section */

/* Begin PBXNativeTarget section */
		E4B69B5A0A3A1756003C02F2 /* Infographie */ = {
			isa = PBXNativeTarget;
			buildConfigurationList = E4B69B5F0A3A1757003C02F2 /* Build configuration list for PBXNativeTarget "Infographie" */;
			buildPhases = (
				E42962A92163ECCD00A6A9E2 /* Run Script — Compile OF */,
				E4B69B580A3A1756003C02F2 /* Sources */,
				E4B69B590A3A1756003C02F2 /* Frameworks */,
				E4C2427710CC5ABF004149E2 /* CopyFiles */,
				E4A5B60F29BAAAE400C2D356 /* CopyFiles */,
				19B789C429E5AB4A0082E9B8 /* ShellScript */,
			);
			buildRules = (
			);
			dependencies = (
			);
			name = Infographie;
			productName = myOFApp;
			productReference = E4B69B5B0A3A1756003C02F2 /* InfographieDebug.app */;
			productType = "com.apple.product-type.application";
		};
/* End PBXNativeTarget section */

/* Begin PBXProject section */
		E4B69B4C0A3A1720003C02F2 /* Project object */ = {
			isa = PBXProject;
			attributes = {
				LastUpgradeCheck = 0600;
			};
			buildConfigurationList = E4B69B4D0A3A1720003C02F2 /* Build configuration list for PBXProject "Infographie" */;
			compatibilityVersion = "Xcode 3.2";
			developmentRegion = en;
			hasScannedForEncodings = 0;
			knownRegions = (
				en,
				Base,
			);
			mainGroup = E4B69B4A0A3A1720003C02F2;
			productRefGroup = E4B69B4A0A3A1720003C02F2;
			projectDirPath = "";
			projectRoot = "";
			targets = (
				E4B69B5A0A3A1756003C02F2 /* Infographie */,
			);
		};
/* End PBXProject section */

/* Begin PBXShellScriptBuildPhase section */
		19B789C429E5AB4A0082E9B8 /* ShellScript */ = {
			isa = PBXShellScriptBuildPhase;
			buildActionMask = 2147483647;
			files = (
			);
			inputFileListPaths = (
			);
			inputPaths = (
			);
			outputFileListPaths = (
			);
			outputPaths = (
			);
			runOnlyForDeploymentPostprocessing = 0;
			shellPath = /bin/sh;
			shellScript = "\"$OF_PATH/scripts/osx/xcode_project.sh\"\n";
			showEnvVarsInLog = 0;
		};
		E42962A92163ECCD00A6A9E2 /* Run Script — Compile OF */ = {
			isa = PBXShellScriptBuildPhase;
			alwaysOutOfDate = 1;
			buildActionMask = 2147483647;
			files = (
			);
			inputPaths = (
			);
			name = "Run Script — Compile OF";
			outputPaths = (
			);
			runOnlyForDeploymentPostprocessing = 0;
			shellPath = /bin/sh;
			shellScript = "echo \"💾 Compiling Openframeworks\"\nxcodebuild -project \"$OF_PATH/libs/openFrameworksCompiled/project/osx/openFrameworksLib.xcodeproj\" -target openFrameworks -configuration \"${CONFIGURATION}\"  CLANG_CXX_LANGUAGE_STANDARD=$CLANG_CXX_LANGUAGE_STANDARD MACOSX_DEPLOYMENT_TARGET=$MACOSX_DEPLOYMENT_TARGET GCC_PREPROCESSOR_DEFINITIONS=$USER_PREPROCESSOR_DEFINITIONS\n";
			showEnvVarsInLog = 0;
		};
/* End PBXShellScriptBuildPhase section */

/* Begin PBXSourcesBuildPhase section */
		E4B69B580A3A1756003C02F2 /* Sources */ = {
			isa = PBXSourcesBuildPhase;
			buildActionMask = 2147483647;
			files = (
				E4B69E200A3A1BDC003C02F2 /* main.cpp in Sources */,
				"EABDFB44-3FB9-4314-8B17-51472834F4BC" /* Application.cpp in Sources */,
				"08AD91EC-6ECF-4AFC-9D2A-B44CFC635381" /* Renderer.cpp in Sources */,
				"9775A505-5BCC-4F7C-89B9-7EE11C2D54C1" /* DragEventHandler.cpp in Sources */,
				"5DDA7318-42DE-4B73-9207-E0CEB8ED369B" /* KeyEventHandler.cpp in Sources */,
				"3A4EE295-D197-4778-91D1-A1B46B663968" /* MouseEventHandler.cpp in Sources */,
				"47F68DFF-3679-43F7-B207-124B625098B4" /* WindowResizedEventHandler.cpp in Sources */,
				"3E187E76-3981-4909-A857-EABEAE9BAF62" /* Configuration.cpp in Sources */,
				"8EB3D132-D041-41EE-9C0C-5774B2BF59DA" /* Cursor.cpp in Sources */,
				"D3CAC4A9-FA19-4728-9D00-F497E2C2B87F" /* Bottom_Left_GUI.cpp in Sources */,
				"80692F6D-8788-4F1F-B690-DCB0D47241A7" /* Bottom_Right_GUI.cpp in Sources */,
				"2ACA1314-835F-431D-BCED-13524EBA673D" /* GUI.cpp in Sources */,
				"ADB4003F-8BCD-42A1-BEC8-5922874D6143" /* Top_Left_GUI.cpp in Sources */,
				"682A17F5-0B06-4BE3-B92F-B34E79FE1BDF" /* Top_Right_GUI.cpp in Sources */,
				"2716C542-2339-463F-BC03-D20EF577D519" /* Image.cpp in Sources */,
				"93049836-E7D0-4A8E-8F48-8D3429C13C14" /* Grid.cpp in Sources */,
				"72D00358-B70C-414E-B771-3F20BFA9E1F1" /* Scene.cpp in Sources */,
				"3AD2C1B8-20F5-4CD8-9EB1-5F98F18823A6" /* User_Camera_Movement.cpp in Sources */,
				"E893E9FF-1BE1-4B90-B7C0-7FBC8B3BED33" /* ImageObject.cpp in Sources */,
				"E3A84647-F795-4D37-9FA9-97FE0103F98E" /* ModelObject.cpp in Sources */,
				"2FFD4C25-934D-4351-9037-F61D60662D81" /* Cone.cpp in Sources */,
				"D50BCD6F-120E-4626-AC07-7721BE073BED" /* Cube.cpp in Sources */,
				"B816AAAB-BCB1-47BC-BCD1-9C56C8CCDD57" /* Cylinder.cpp in Sources */,
				"0E1B45EA-CF00-44FE-B19C-86B05A2E5FA0" /* Sphere.cpp in Sources */,
				"69187953-DC1E-4FA9-BA64-80370864381B" /* Object3D.cpp in Sources */,
				"AE403937-CFD9-494D-B513-DFADB24C7703" /* primitiveObject.cpp in Sources */,
				"AA55921E-AFC1-4B4E-B0FE-396960CA673D" /* ofxAssimpAnimation.cpp in Sources */,
				"4508354C-C5D1-42B0-9030-EE24BA12F8E5" /* ofxAssimpMeshHelper.cpp in Sources */,
				"C7E29E0D-454D-47E3-9C3B-2BF5CB50440B" /* ofxAssimpModelLoader.cpp in Sources */,
				"E613B612-252D-4132-B289-2CDC8C2B9795" /* ofxAssimpTexture.cpp in Sources */,
				"1D9EA036-58E7-4157-B946-AF94F6C5ACC9" /* ofxDatGuiComponent.cpp in Sources */,
				"F93A64B0-EAC1-4DE3-8C7F-72B9D68851F1" /* ofxSmartFont.cpp in Sources */,
				"A2ABD4E2-32C0-484B-BFD6-BF256A83E9E3" /* ofxDatGui.cpp in Sources */,
				"DEE36A49-BB88-4E7F-9A00-DEDD444E7760" /* ofxBaseGui.cpp in Sources */,
				"35F8293D-EAAE-424B-B14C-4258FBF18F83" /* ofxButton.cpp in Sources */,
				"12B3F17F-4A38-4BC1-B537-886E23017F88" /* ofxColorPicker.cpp in Sources */,
				"58D4D943-1F84-40FD-B8E5-594A25C2532D" /* ofxGuiGroup.cpp in Sources */,
				"6E226472-0671-4830-B6BF-559E5DF53F01" /* ofxInputField.cpp in Sources */,
				"51934F9D-79A9-46E9-8898-ED50EDC7B177" /* ofxLabel.cpp in Sources */,
				"198AC54B-0F42-4D67-9C3D-F95DF6EBD4D8" /* ofxPanel.cpp in Sources */,
				"1637E94A-5DA6-485E-90AD-FC6B825F03B2" /* ofxSlider.cpp in Sources */,
				"B53ABB2A-F145-4666-AC35-88CFDBC9D8AF" /* ofxSliderGroup.cpp in Sources */,
				"BD2FAB29-8398-4100-9B1C-495324EF9952" /* ofxToggle.cpp in Sources */,
			);
			runOnlyForDeploymentPostprocessing = 0;
		};
/* End PBXSourcesBuildPhase section */

/* Begin XCBuildConfiguration section */
		E4B69B4E0A3A1720003C02F2 /* Debug */ = {
			isa = XCBuildConfiguration;
			baseConfigurationReference = E4EB6923138AFD0F00A09F29 /* Project.xcconfig */;
			buildSettings = {
				CODE_SIGN_ENTITLEMENTS = of.entitlements;
				COPY_PHASE_STRIP = NO;
				ENABLE_TESTABILITY = YES;
				GCC_OPTIMIZATION_LEVEL = 0;
				GCC_WARN_UNUSED_VARIABLE = NO;
				HEADER_SEARCH_PATHS = (
					"$(OF_CORE_HEADERS)",
					src,
				);
				OTHER_CPLUSPLUSFLAGS = "-D__MACOSX_CORE__";
			};
			name = Debug;
		};
		E4B69B4F0A3A1720003C02F2 /* Release */ = {
			isa = XCBuildConfiguration;
			baseConfigurationReference = E4EB6923138AFD0F00A09F29 /* Project.xcconfig */;
			buildSettings = {
				CODE_SIGN_ENTITLEMENTS = of.entitlements;
				COPY_PHASE_STRIP = YES;
				GCC_OPTIMIZATION_LEVEL = 3;
				GCC_UNROLL_LOOPS = YES;
				HEADER_SEARCH_PATHS = (
					"$(OF_CORE_HEADERS)",
					src,
				);
				OTHER_CPLUSPLUSFLAGS = "-D__MACOSX_CORE__";
			};
			name = Release;
		};
		E4B69B600A3A1757003C02F2 /* Debug */ = {
			isa = XCBuildConfiguration;
			baseConfigurationReference = E4EB6923138AFD0F00A09F29 /* Project.xcconfig */;
			buildSettings = {
				ARCHS = "$(ARCHS_STANDARD)";
				COPY_PHASE_STRIP = NO;
				FRAMEWORK_SEARCH_PATHS = "$(inherited)";
				GCC_DYNAMIC_NO_PIC = NO;
				HEADER_SEARCH_PATHS = (
					"$(OF_CORE_HEADERS)",
					src,
					src,
					src/events/DragEventHandler,
					src/events/KeyEventHandler,
					src/events/MouseEventHandler,
					src/events/WindowResizedEventHandler,
					src/modules/Configuration,
					src/modules/Cursor,
					src/modules/GUI/Bottom_Left_GUI,
					src/modules/GUI/Bottom_Right_GUI,
					src/modules/GUI,
					src/modules/GUI/Top_Left_GUI,
					src/modules/GUI/Top_Right_GUI,
					src/modules/Image,
					src/modules/Scene/Grid,
					src/modules/Scene,
					src/modules/User_Camera_Movement,
					src/objects/ImageObject,
					src/objects/ModelObject,
					src/objects/ModelObject/Templates/Cone,
					src/objects/ModelObject/Templates/Cube,
					src/objects/ModelObject/Templates/Cylinder,
					src/objects/ModelObject/Templates/Sphere,
					src/objects,
					src/objects/primitiveObject,
					../../../addons/ofxAssimpModelLoader/libs,
					../../../addons/ofxAssimpModelLoader/libs/assimp,
					../../../addons/ofxAssimpModelLoader/libs/assimp/include,
					../../../addons/ofxAssimpModelLoader/libs/assimp/include/assimp,
					../../../addons/ofxAssimpModelLoader/libs/assimp/include/assimp/Compiler,
					../../../addons/ofxAssimpModelLoader/libs/assimp/include/assimp/port,
					../../../addons/ofxAssimpModelLoader/libs/assimp/include/assimp/port/AndroidJNI,
					../../../addons/ofxAssimpModelLoader/libs/assimp/lib,
					../../../addons/ofxAssimpModelLoader/libs/assimp/lib/emscripten,
					../../../addons/ofxAssimpModelLoader/libs/assimp/lib/osx,
					../../../addons/ofxAssimpModelLoader/libs/assimp/license,
					../../../addons/ofxAssimpModelLoader/src,
					../../../addons/ofxDatGui/src,
					../../../addons/ofxDatGui/src/components,
					../../../addons/ofxDatGui/src/core,
					../../../addons/ofxDatGui/src/libs,
					../../../addons/ofxDatGui/src/libs/ofxSmartFont,
					../../../addons/ofxDatGui/src/themes,
					../../../addons/ofxGui/src,
				);
				LIBRARY_SEARCH_PATHS = "$(inherited)";
				OTHER_LDFLAGS = (
					"$(OF_CORE_LIBS)",
					"$(OF_CORE_FRAMEWORKS)",
					"$(LIB_OF_DEBUG)",
					../../../addons/ofxAssimpModelLoader/libs/assimp/lib/osx/assimp.a,
				);
			};
			name = Debug;
		};
		E4B69B610A3A1757003C02F2 /* Release */ = {
			isa = XCBuildConfiguration;
			baseConfigurationReference = E4EB6923138AFD0F00A09F29 /* Project.xcconfig */;
			buildSettings = {
				ARCHS = "$(ARCHS_STANDARD)";
				COPY_PHASE_STRIP = YES;
				FRAMEWORK_SEARCH_PATHS = "$(inherited)";
				HEADER_SEARCH_PATHS = (
					"$(OF_CORE_HEADERS)",
					src,
					src,
					src/events/DragEventHandler,
					src/events/KeyEventHandler,
					src/events/MouseEventHandler,
					src/events/WindowResizedEventHandler,
					src/modules/Configuration,
					src/modules/Cursor,
					src/modules/GUI/Bottom_Left_GUI,
					src/modules/GUI/Bottom_Right_GUI,
					src/modules/GUI,
					src/modules/GUI/Top_Left_GUI,
					src/modules/GUI/Top_Right_GUI,
					src/modules/Image,
					src/modules/Scene/Grid,
					src/modules/Scene,
					src/modules/User_Camera_Movement,
					src/objects/ImageObject,
					src/objects/ModelObject,
					src/objects/ModelObject/Templates/Cone,
					src/objects/ModelObject/Templates/Cube,
					src/objects/ModelObject/Templates/Cylinder,
					src/objects/ModelObject/Templates/Sphere,
					src/objects,
					src/objects/primitiveObject,
					../../../addons/ofxAssimpModelLoader/libs,
					../../../addons/ofxAssimpModelLoader/libs/assimp,
					../../../addons/ofxAssimpModelLoader/libs/assimp/include,
					../../../addons/ofxAssimpModelLoader/libs/assimp/include/assimp,
					../../../addons/ofxAssimpModelLoader/libs/assimp/include/assimp/Compiler,
					../../../addons/ofxAssimpModelLoader/libs/assimp/include/assimp/port,
					../../../addons/ofxAssimpModelLoader/libs/assimp/include/assimp/port/AndroidJNI,
					../../../addons/ofxAssimpModelLoader/libs/assimp/lib,
					../../../addons/ofxAssimpModelLoader/libs/assimp/lib/emscripten,
					../../../addons/ofxAssimpModelLoader/libs/assimp/lib/osx,
					../../../addons/ofxAssimpModelLoader/libs/assimp/license,
					../../../addons/ofxAssimpModelLoader/src,
					../../../addons/ofxDatGui/src,
					../../../addons/ofxDatGui/src/components,
					../../../addons/ofxDatGui/src/core,
					../../../addons/ofxDatGui/src/libs,
					../../../addons/ofxDatGui/src/libs/ofxSmartFont,
					../../../addons/ofxDatGui/src/themes,
					../../../addons/ofxGui/src,
				);
				LIBRARY_SEARCH_PATHS = "$(inherited)";
				OTHER_LDFLAGS = (
					"$(OF_CORE_LIBS)",
					"$(OF_CORE_FRAMEWORKS)",
					"$(LIB_OF)",
					../../../addons/ofxAssimpModelLoader/libs/assimp/lib/osx/assimp.a,
				);
				baseConfigurationReference = E4EB6923138AFD0F00A09F29;
			};
			name = Release;
		};
/* End XCBuildConfiguration section */

/* Begin XCConfigurationList section */
		E4B69B4D0A3A1720003C02F2 /* Build configuration list for PBXProject "Infographie" */ = {
			isa = XCConfigurationList;
			buildConfigurations = (
				E4B69B4E0A3A1720003C02F2 /* Debug */,
				E4B69B4F0A3A1720003C02F2 /* Release */,
			);
			defaultConfigurationIsVisible = 0;
			defaultConfigurationName = Release;
		};
		E4B69B5F0A3A1757003C02F2 /* Build configuration list for PBXNativeTarget "Infographie" */ = {
			isa = XCConfigurationList;
			buildConfigurations = (
				E4B69B600A3A1757003C02F2 /* Debug */,
				E4B69B610A3A1757003C02F2 /* Release */,
			);
			defaultConfigurationIsVisible = 0;
			defaultConfigurationName = Release;
		};
/* End XCConfigurationList section */
	};
	rootObject = E4B69B4C0A3A1720003C02F2 /* Project object */;
}
