<?xml version="1.0" encoding="utf-8"?>
<Project ToolsVersion="4.0" xmlns="http://schemas.microsoft.com/developer/msbuild/2003">
  <ItemGroup>
    <ClCompile Include="src\main.cpp">
      <Filter>src</Filter>
    </ClCompile>
    <ClCompile Include="src\Application.cpp">
      <Filter>src</Filter>
    </ClCompile>
    <ClCompile Include="src\Renderer.cpp">
      <Filter>src</Filter>
    </ClCompile>
    <ClCompile Include="src\events\DragEventHandler\DragEventHandler.cpp">
      <Filter>src\events\DragEventHandler</Filter>
    </ClCompile>
    <ClCompile Include="src\events\KeyEventHandler\KeyEventHandler.cpp">
      <Filter>src\events\KeyEventHandler</Filter>
    </ClCompile>
    <ClCompile Include="src\events\MouseEventHandler\MouseEventHandler.cpp">
      <Filter>src\events\MouseEventHandler</Filter>
    </ClCompile>
    <ClCompile Include="src\events\WindowResizedEventHandler\WindowResizedEventHandler.cpp">
      <Filter>src\events\WindowResizedEventHandler</Filter>
    </ClCompile>
    <ClCompile Include="src\main.cpp">
      <Filter>src</Filter>
    </ClCompile>
    <ClCompile Include="src\modules\Configuration\Configuration.cpp">
      <Filter>src\modules\Configuration</Filter>
    </ClCompile>
    <ClCompile Include="src\modules\Cursor\Cursor.cpp">
      <Filter>src\modules\Cursor</Filter>
    </ClCompile>
    <ClCompile Include="src\modules\GUI\Bottom_Left_GUI\Bottom_Left_GUI.cpp">
      <Filter>src\modules\GUI\Bottom_Left_GUI</Filter>
    </ClCompile>
    <ClCompile Include="src\modules\GUI\Bottom_Right_GUI\Bottom_Right_GUI.cpp">
      <Filter>src\modules\GUI\Bottom_Right_GUI</Filter>
    </ClCompile>
    <ClCompile Include="src\modules\GUI\GUI.cpp">
      <Filter>src\modules\GUI</Filter>
    </ClCompile>
    <ClCompile Include="src\modules\GUI\Top_Left_GUI\Top_Left_GUI.cpp">
      <Filter>src\modules\GUI\Top_Left_GUI</Filter>
    </ClCompile>
    <ClCompile Include="src\modules\GUI\Top_Right_GUI\Top_Right_GUI.cpp">
      <Filter>src\modules\GUI\Top_Right_GUI</Filter>
    </ClCompile>
    <ClCompile Include="src\modules\Image\Image.cpp">
      <Filter>src\modules\Image</Filter>
    </ClCompile>
    <ClCompile Include="src\modules\Scene\Grid\Grid.cpp">
      <Filter>src\modules\Scene\Grid</Filter>
    </ClCompile>
    <ClCompile Include="src\modules\Scene\Scene.cpp">
      <Filter>src\modules\Scene</Filter>
    </ClCompile>
    <ClCompile Include="src\modules\User_Camera_Movement\User_Camera_Movement.cpp">
      <Filter>src\modules\User_Camera_Movement</Filter>
    </ClCompile>
    <ClCompile Include="src\objects\ImageObject\ImageObject.cpp">
      <Filter>src\objects\ImageObject</Filter>
    </ClCompile>
    <ClCompile Include="src\objects\ModelObject\ModelObject.cpp">
      <Filter>src\objects\ModelObject</Filter>
    </ClCompile>
    <ClCompile Include="src\objects\ModelObject\Templates\Cone\Cone.cpp">
      <Filter>src\objects\ModelObject\Templates\Cone</Filter>
    </ClCompile>
    <ClCompile Include="src\objects\ModelObject\Templates\Cube\Cube.cpp">
      <Filter>src\objects\ModelObject\Templates\Cube</Filter>
    </ClCompile>
    <ClCompile Include="src\objects\ModelObject\Templates\Cylinder\Cylinder.cpp">
      <Filter>src\objects\ModelObject\Templates\Cylinder</Filter>
    </ClCompile>
    <ClCompile Include="src\objects\ModelObject\Templates\Sphere\Sphere.cpp">
      <Filter>src\objects\ModelObject\Templates\Sphere</Filter>
    </ClCompile>
    <ClCompile Include="src\objects\Object3D.cpp">
      <Filter>src\objects</Filter>
    </ClCompile>
    <ClCompile Include="src\objects\primitiveObject\primitiveObject.cpp">
      <Filter>src\objects\primitiveObject</Filter>
    </ClCompile>
    <ClCompile Include="..\..\..\addons\ofxAssimpModelLoader\src\ofxAssimpAnimation.cpp">
      <Filter>addons\ofxAssimpModelLoader\src</Filter>
    </ClCompile>
    <ClCompile Include="..\..\..\addons\ofxAssimpModelLoader\src\ofxAssimpMeshHelper.cpp">
      <Filter>addons\ofxAssimpModelLoader\src</Filter>
    </ClCompile>
    <ClCompile Include="..\..\..\addons\ofxAssimpModelLoader\src\ofxAssimpModelLoader.cpp">
      <Filter>addons\ofxAssimpModelLoader\src</Filter>
    </ClCompile>
    <ClCompile Include="..\..\..\addons\ofxAssimpModelLoader\src\ofxAssimpTexture.cpp">
      <Filter>addons\ofxAssimpModelLoader\src</Filter>
    </ClCompile>
    <ClCompile Include="..\..\..\addons\ofxDatGui\src\core\ofxDatGuiComponent.cpp">
      <Filter>addons\ofxDatGui\src\core</Filter>
    </ClCompile>
    <ClCompile Include="..\..\..\addons\ofxDatGui\src\libs\ofxSmartFont\ofxSmartFont.cpp">
      <Filter>addons\ofxDatGui\src\libs\ofxSmartFont</Filter>
    </ClCompile>
    <ClCompile Include="..\..\..\addons\ofxDatGui\src\ofxDatGui.cpp">
      <Filter>addons\ofxDatGui\src</Filter>
    </ClCompile>
    <ClCompile Include="..\..\..\addons\ofxGui\src\ofxBaseGui.cpp">
      <Filter>addons\ofxGui\src</Filter>
    </ClCompile>
    <ClCompile Include="..\..\..\addons\ofxGui\src\ofxButton.cpp">
      <Filter>addons\ofxGui\src</Filter>
    </ClCompile>
    <ClCompile Include="..\..\..\addons\ofxGui\src\ofxColorPicker.cpp">
      <Filter>addons\ofxGui\src</Filter>
    </ClCompile>
    <ClCompile Include="..\..\..\addons\ofxGui\src\ofxGuiGroup.cpp">
      <Filter>addons\ofxGui\src</Filter>
    </ClCompile>
    <ClCompile Include="..\..\..\addons\ofxGui\src\ofxInputField.cpp">
      <Filter>addons\ofxGui\src</Filter>
    </ClCompile>
    <ClCompile Include="..\..\..\addons\ofxGui\src\ofxLabel.cpp">
      <Filter>addons\ofxGui\src</Filter>
    </ClCompile>
    <ClCompile Include="..\..\..\addons\ofxGui\src\ofxPanel.cpp">
      <Filter>addons\ofxGui\src</Filter>
    </ClCompile>
    <ClCompile Include="..\..\..\addons\ofxGui\src\ofxSlider.cpp">
      <Filter>addons\ofxGui\src</Filter>
    </ClCompile>
    <ClCompile Include="..\..\..\addons\ofxGui\src\ofxSliderGroup.cpp">
      <Filter>addons\ofxGui\src</Filter>
    </ClCompile>
    <ClCompile Include="..\..\..\addons\ofxGui\src\ofxToggle.cpp">
      <Filter>addons\ofxGui\src</Filter>
    </ClCompile>
  </ItemGroup>
  <ItemGroup>
    <Filter Include="src">
      <UniqueIdentifier>{d8376475-7454-4a24-b08a-aac121d3ad6f}</UniqueIdentifier>
    </Filter>
    <Filter Include="src\events">
      <UniqueIdentifier>{C340D790--1CF-1-4C-46-B-E45-287B8FADF9F0}</UniqueIdentifier>
    </Filter>
    <Filter Include="src\events\DragEventHandler">
      <UniqueIdentifier>{336A80D5--4A7-D-40-96-8-46A-09FB88803FCB}</UniqueIdentifier>
    </Filter>
    <Filter Include="src\events\KeyEventHandler">
      <UniqueIdentifier>{A9CC042B--53A-C-47-3C-9-0EB-99F48E7C99C1}</UniqueIdentifier>
    </Filter>
    <Filter Include="src\events\MouseEventHandler">
      <UniqueIdentifier>{9BBE7AB3--A3C-0-47-54-A-371-C4B603B4B0AB}</UniqueIdentifier>
    </Filter>
    <Filter Include="src\events\WindowResizedEventHandler">
      <UniqueIdentifier>{F8FFB541--D89-F-4D-61-A-225-1DDE3D8BBAD8}</UniqueIdentifier>
    </Filter>
    <Filter Include="src\modules">
      <UniqueIdentifier>{DFEC9BD7--3BA-4-4A-35-9-3B6-29486F688B68}</UniqueIdentifier>
    </Filter>
    <Filter Include="src\modules\Configuration">
      <UniqueIdentifier>{80D1BD8C--1AC-2-4E-46-9-326-F53F83A6E571}</UniqueIdentifier>
    </Filter>
    <Filter Include="src\modules\Cursor">
      <UniqueIdentifier>{6EDF8356--870-4-4B-46-B-2A6-3DD6117FC37B}</UniqueIdentifier>
    </Filter>
    <Filter Include="src\modules\GUI">
      <UniqueIdentifier>{D57DDE4A--704-B-46-B9-9-668-B10782B233DD}</UniqueIdentifier>
    </Filter>
    <Filter Include="src\modules\GUI\Bottom_Left_GUI">
      <UniqueIdentifier>{765147EF--D29-1-44-60-9-FED-06178E8663D3}</UniqueIdentifier>
    </Filter>
    <Filter Include="src\modules\GUI\Bottom_Right_GUI">
      <UniqueIdentifier>{F3BE4D08--DDC-0-46-CF-9-44E-42C3A36AB8D9}</UniqueIdentifier>
    </Filter>
    <Filter Include="src\modules\GUI\Top_Left_GUI">
      <UniqueIdentifier>{8F5BF93B--6A6-E-41-41-9-103-468560AC2CBD}</UniqueIdentifier>
    </Filter>
    <Filter Include="src\modules\GUI\Top_Right_GUI">
      <UniqueIdentifier>{B8A0553F--06D-A-4D-29-9-79F-F00E24822D9C}</UniqueIdentifier>
    </Filter>
    <Filter Include="src\modules\Image">
      <UniqueIdentifier>{1CA8E5EF--858-7-43-55-8-0ED-D93457F40BFC}</UniqueIdentifier>
    </Filter>
    <Filter Include="src\modules\Scene">
      <UniqueIdentifier>{493FF057--CDE-0-49-0A-8-C12-5A4967A9E680}</UniqueIdentifier>
    </Filter>
    <Filter Include="src\modules\Scene\Grid">
      <UniqueIdentifier>{464C5EC0--4A0-8-4C-86-B-02B-01E881A78A91}</UniqueIdentifier>
    </Filter>
    <Filter Include="src\modules\User_Camera_Movement">
      <UniqueIdentifier>{CA6D205E--684-F-4A-FE-9-576-8AB0102D1966}</UniqueIdentifier>
    </Filter>
    <Filter Include="src\objects">
      <UniqueIdentifier>{29C038DE--0CD-9-4D-4A-8-55E-DC0E12D6F57C}</UniqueIdentifier>
    </Filter>
    <Filter Include="src\objects\ImageObject">
      <UniqueIdentifier>{E16F5E5E--F33-E-4D-77-B-232-C7E16C96F323}</UniqueIdentifier>
    </Filter>
    <Filter Include="src\objects\ModelObject">
      <UniqueIdentifier>{659E71C4--E5D-F-41-71-8-632-980E5D32C187}</UniqueIdentifier>
    </Filter>
    <Filter Include="src\objects\ModelObject\Templates">
      <UniqueIdentifier>{DF7CA368--E3F-B-4C-AB-9-075-AC97DB785FBA}</UniqueIdentifier>
    </Filter>
    <Filter Include="src\objects\ModelObject\Templates\Cone">
      <UniqueIdentifier>{6DC25239--E20-F-40-A6-A-E3F-1B1A708B4628}</UniqueIdentifier>
    </Filter>
    <Filter Include="src\objects\ModelObject\Templates\Cube">
      <UniqueIdentifier>{91B3EF9C--AF7-4-40-CA-A-3A7-A2369246D488}</UniqueIdentifier>
    </Filter>
    <Filter Include="src\objects\ModelObject\Templates\Cylinder">
      <UniqueIdentifier>{B9A80289--526-4-46-BC-A-9A3-00D37BC1D309}</UniqueIdentifier>
    </Filter>
    <Filter Include="src\objects\ModelObject\Templates\Sphere">
      <UniqueIdentifier>{22BE0129--10E-3-4E-B0-8-D99-EB103541C135}</UniqueIdentifier>
    </Filter>
    <Filter Include="src\objects\primitiveObject">
      <UniqueIdentifier>{CF970304--36D-7-46-11-B-77C-F86A89CB1E3B}</UniqueIdentifier>
    </Filter>
    <Filter Include="addons">
      <UniqueIdentifier>{0C1339A2--166-5-4E-34-9-DE9-ECC4D5CF6ABE}</UniqueIdentifier>
    </Filter>
    <Filter Include="addons\ofxAssimpModelLoader">
      <UniqueIdentifier>{8626980D--973-4-49-8F-9-ACD-653CAAF4C30B}</UniqueIdentifier>
    </Filter>
    <Filter Include="addons\ofxAssimpModelLoader\src">
      <UniqueIdentifier>{15D75EB9--DEF-6-4A-2B-A-B38-56124C689B27}</UniqueIdentifier>
    </Filter>
    <Filter Include="addons\ofxAssimpModelLoader\libs">
      <UniqueIdentifier>{8E0187C9--05F-5-4A-79-A-40A-DC86879F7DAF}</UniqueIdentifier>
    </Filter>
    <Filter Include="addons\ofxAssimpModelLoader\libs\assimp">
      <UniqueIdentifier>{541E6D39--608-8-4D-79-9-A8D-BFC098A02BB7}</UniqueIdentifier>
    </Filter>
    <Filter Include="addons\ofxAssimpModelLoader\libs\assimp\include">
      <UniqueIdentifier>{49880D68--8BE-0-4B-F0-B-808-717483195DE9}</UniqueIdentifier>
    </Filter>
    <Filter Include="addons\ofxAssimpModelLoader\libs\assimp\include\assimp">
      <UniqueIdentifier>{AAEB884C--B55-6-4B-FD-8-5F7-FFCB49D25140}</UniqueIdentifier>
    </Filter>
    <Filter Include="addons\ofxAssimpModelLoader\libs\assimp\include\assimp\Compiler">
      <UniqueIdentifier>{DA67F433--218-2-45-B2-B-C11-35D8D5BF3CA9}</UniqueIdentifier>
    </Filter>
    <Filter Include="addons\ofxAssimpModelLoader\libs\assimp\include\assimp\port">
      <UniqueIdentifier>{5D2336D1--D8E-E-41-E4-A-0C7-C8B0F2B18DA7}</UniqueIdentifier>
    </Filter>
    <Filter Include="addons\ofxAssimpModelLoader\libs\assimp\include\assimp\port\AndroidJNI">
      <UniqueIdentifier>{68B93067--06B-3-49-22-9-A6F-E1DF03F5CA3C}</UniqueIdentifier>
    </Filter>
    <Filter Include="addons\ofxDatGui">
      <UniqueIdentifier>{97B7C60B--701-F-4B-4E-A-7C3-DB54E02B9692}</UniqueIdentifier>
    </Filter>
    <Filter Include="addons\ofxDatGui\src">
      <UniqueIdentifier>{E43DBA21--774-D-46-4C-9-8AC-16212A8D8F10}</UniqueIdentifier>
    </Filter>
    <Filter Include="addons\ofxDatGui\src\components">
      <UniqueIdentifier>{21B109CF--E33-A-4A-B9-9-9CA-4F92E92DC519}</UniqueIdentifier>
    </Filter>
    <Filter Include="addons\ofxDatGui\src\core">
      <UniqueIdentifier>{A86E5B79--DA9-B-4B-57-A-C85-88A4EFEC7B38}</UniqueIdentifier>
    </Filter>
    <Filter Include="addons\ofxDatGui\src\libs">
      <UniqueIdentifier>{FEFFE280--904-C-4D-AE-8-35B-2843A2A06DF6}</UniqueIdentifier>
    </Filter>
    <Filter Include="addons\ofxDatGui\src\libs\ofxSmartFont">
      <UniqueIdentifier>{76E2119B--454-B-4A-96-B-952-CCB92193B116}</UniqueIdentifier>
    </Filter>
    <Filter Include="addons\ofxDatGui\src\themes">
      <UniqueIdentifier>{AC09943B--216-C-4C-6E-B-7B8-0CDC769AFC95}</UniqueIdentifier>
    </Filter>
    <Filter Include="addons\ofxGui">
      <UniqueIdentifier>{06C2F088--649-B-40-EC-B-216-3739D6A5D4C4}</UniqueIdentifier>
    </Filter>
    <Filter Include="addons\ofxGui\src">
      <UniqueIdentifier>{3C62B449--F97-D-49-B6-9-06D-659B2E85ACCB}</UniqueIdentifier>
    </Filter>
  </ItemGroup>
  <ItemGroup>
    <ClInclude Include="src\Application.h">
      <Filter>src</Filter>
    </ClInclude>
    <ClInclude Include="src\Renderer.h">
      <Filter>src</Filter>
    </ClInclude>
    <ClInclude Include="src\events\DragEventHandler\DragEventHandler.h">
      <Filter>src\events\DragEventHandler</Filter>
    </ClInclude>
    <ClInclude Include="src\events\KeyEventHandler\KeyEventHandler.h">
      <Filter>src\events\KeyEventHandler</Filter>
    </ClInclude>
    <ClInclude Include="src\events\MouseEventHandler\MouseEventHandler.h">
      <Filter>src\events\MouseEventHandler</Filter>
    </ClInclude>
    <ClInclude Include="src\events\WindowResizedEventHandler\WindowResizedEventHandler.h">
      <Filter>src\events\WindowResizedEventHandler</Filter>
    </ClInclude>
    <ClInclude Include="src\modules\Configuration\Configuration.h">
      <Filter>src\modules\Configuration</Filter>
    </ClInclude>
    <ClInclude Include="src\modules\Cursor\Cursor.h">
      <Filter>src\modules\Cursor</Filter>
    </ClInclude>
    <ClInclude Include="src\modules\GUI\Bottom_Left_GUI\Bottom_Left_GUI.h">
      <Filter>src\modules\GUI\Bottom_Left_GUI</Filter>
    </ClInclude>
    <ClInclude Include="src\modules\GUI\Bottom_Right_GUI\Bottom_Right_GUI.h">
      <Filter>src\modules\GUI\Bottom_Right_GUI</Filter>
    </ClInclude>
    <ClInclude Include="src\modules\GUI\GUI.h">
      <Filter>src\modules\GUI</Filter>
    </ClInclude>
    <ClInclude Include="src\modules\GUI\Top_Left_GUI\Top_Left_GUI.h">
      <Filter>src\modules\GUI\Top_Left_GUI</Filter>
    </ClInclude>
    <ClInclude Include="src\modules\GUI\Top_Right_GUI\Top_Right_GUI.h">
      <Filter>src\modules\GUI\Top_Right_GUI</Filter>
    </ClInclude>
    <ClInclude Include="src\modules\Image\Image.h">
      <Filter>src\modules\Image</Filter>
    </ClInclude>
    <ClInclude Include="src\modules\Scene\Grid\Grid.h">
      <Filter>src\modules\Scene\Grid</Filter>
    </ClInclude>
    <ClInclude Include="src\modules\Scene\Scene.h">
      <Filter>src\modules\Scene</Filter>
    </ClInclude>
    <ClInclude Include="src\modules\User_Camera_Movement\User_Camera_Movement.h">
      <Filter>src\modules\User_Camera_Movement</Filter>
    </ClInclude>
    <ClInclude Include="src\objects\ImageObject\ImageObject.h">
      <Filter>src\objects\ImageObject</Filter>
    </ClInclude>
    <ClInclude Include="src\objects\ModelObject\ModelObject.h">
      <Filter>src\objects\ModelObject</Filter>
    </ClInclude>
    <ClInclude Include="src\objects\ModelObject\Templates\Cone\Cone.h">
      <Filter>src\objects\ModelObject\Templates\Cone</Filter>
    </ClInclude>
    <ClInclude Include="src\objects\ModelObject\Templates\Cube\Cube.h">
      <Filter>src\objects\ModelObject\Templates\Cube</Filter>
    </ClInclude>
    <ClInclude Include="src\objects\ModelObject\Templates\Cylinder\Cylinder.h">
      <Filter>src\objects\ModelObject\Templates\Cylinder</Filter>
    </ClInclude>
    <ClInclude Include="src\objects\ModelObject\Templates\Sphere\Sphere.h">
      <Filter>src\objects\ModelObject\Templates\Sphere</Filter>
    </ClInclude>
    <ClInclude Include="src\objects\Object3D.h">
      <Filter>src\objects</Filter>
    </ClInclude>
    <ClInclude Include="src\objects\primitiveObject\primitiveObject.h">
      <Filter>src\objects\primitiveObject</Filter>
    </ClInclude>
    <ClInclude Include="..\..\..\addons\ofxAssimpModelLoader\src\ofxAssimpAnimation.h">
      <Filter>addons\ofxAssimpModelLoader\src</Filter>
    </ClInclude>
    <ClInclude Include="..\..\..\addons\ofxAssimpModelLoader\src\ofxAssimpMeshHelper.h">
      <Filter>addons\ofxAssimpModelLoader\src</Filter>
    </ClInclude>
    <ClInclude Include="..\..\..\addons\ofxAssimpModelLoader\src\ofxAssimpModelLoader.h">
      <Filter>addons\ofxAssimpModelLoader\src</Filter>
    </ClInclude>
    <ClInclude Include="..\..\..\addons\ofxAssimpModelLoader\src\ofxAssimpTexture.h">
      <Filter>addons\ofxAssimpModelLoader\src</Filter>
    </ClInclude>
    <ClInclude Include="..\..\..\addons\ofxAssimpModelLoader\src\ofxAssimpUtils.h">
      <Filter>addons\ofxAssimpModelLoader\src</Filter>
    </ClInclude>
    <ClInclude Include="..\..\..\addons\ofxAssimpModelLoader\libs\assimp\include\assimp\aabb.h">
      <Filter>addons\ofxAssimpModelLoader\libs\assimp\include\assimp</Filter>
    </ClInclude>
    <ClInclude Include="..\..\..\addons\ofxAssimpModelLoader\libs\assimp\include\assimp\ai_assert.h">
      <Filter>addons\ofxAssimpModelLoader\libs\assimp\include\assimp</Filter>
    </ClInclude>
    <ClInclude Include="..\..\..\addons\ofxAssimpModelLoader\libs\assimp\include\assimp\anim.h">
      <Filter>addons\ofxAssimpModelLoader\libs\assimp\include\assimp</Filter>
    </ClInclude>
    <ClInclude Include="..\..\..\addons\ofxAssimpModelLoader\libs\assimp\include\assimp\Base64.hpp">
      <Filter>addons\ofxAssimpModelLoader\libs\assimp\include\assimp</Filter>
    </ClInclude>
    <ClInclude Include="..\..\..\addons\ofxAssimpModelLoader\libs\assimp\include\assimp\BaseImporter.h">
      <Filter>addons\ofxAssimpModelLoader\libs\assimp\include\assimp</Filter>
    </ClInclude>
    <ClInclude Include="..\..\..\addons\ofxAssimpModelLoader\libs\assimp\include\assimp\Bitmap.h">
      <Filter>addons\ofxAssimpModelLoader\libs\assimp\include\assimp</Filter>
    </ClInclude>
    <ClInclude Include="..\..\..\addons\ofxAssimpModelLoader\libs\assimp\include\assimp\BlobIOSystem.h">
      <Filter>addons\ofxAssimpModelLoader\libs\assimp\include\assimp</Filter>
    </ClInclude>
    <ClInclude Include="..\..\..\addons\ofxAssimpModelLoader\libs\assimp\include\assimp\ByteSwapper.h">
      <Filter>addons\ofxAssimpModelLoader\libs\assimp\include\assimp</Filter>
    </ClInclude>
    <ClInclude Include="..\..\..\addons\ofxAssimpModelLoader\libs\assimp\include\assimp\camera.h">
      <Filter>addons\ofxAssimpModelLoader\libs\assimp\include\assimp</Filter>
    </ClInclude>
    <ClInclude Include="..\..\..\addons\ofxAssimpModelLoader\libs\assimp\include\assimp\cexport.h">
      <Filter>addons\ofxAssimpModelLoader\libs\assimp\include\assimp</Filter>
    </ClInclude>
    <ClInclude Include="..\..\..\addons\ofxAssimpModelLoader\libs\assimp\include\assimp\cfileio.h">
      <Filter>addons\ofxAssimpModelLoader\libs\assimp\include\assimp</Filter>
    </ClInclude>
    <ClInclude Include="..\..\..\addons\ofxAssimpModelLoader\libs\assimp\include\assimp\cimport.h">
      <Filter>addons\ofxAssimpModelLoader\libs\assimp\include\assimp</Filter>
    </ClInclude>
    <ClInclude Include="..\..\..\addons\ofxAssimpModelLoader\libs\assimp\include\assimp\ColladaMetaData.h">
      <Filter>addons\ofxAssimpModelLoader\libs\assimp\include\assimp</Filter>
    </ClInclude>
    <ClInclude Include="..\..\..\addons\ofxAssimpModelLoader\libs\assimp\include\assimp\color4.h">
      <Filter>addons\ofxAssimpModelLoader\libs\assimp\include\assimp</Filter>
    </ClInclude>
    <ClInclude Include="..\..\..\addons\ofxAssimpModelLoader\libs\assimp\include\assimp\commonMetaData.h">
      <Filter>addons\ofxAssimpModelLoader\libs\assimp\include\assimp</Filter>
    </ClInclude>
    <ClInclude Include="..\..\..\addons\ofxAssimpModelLoader\libs\assimp\include\assimp\Compiler\poppack1.h">
      <Filter>addons\ofxAssimpModelLoader\libs\assimp\include\assimp\Compiler</Filter>
    </ClInclude>
    <ClInclude Include="..\..\..\addons\ofxAssimpModelLoader\libs\assimp\include\assimp\Compiler\pstdint.h">
      <Filter>addons\ofxAssimpModelLoader\libs\assimp\include\assimp\Compiler</Filter>
    </ClInclude>
    <ClInclude Include="..\..\..\addons\ofxAssimpModelLoader\libs\assimp\include\assimp\Compiler\pushpack1.h">
      <Filter>addons\ofxAssimpModelLoader\libs\assimp\include\assimp\Compiler</Filter>
    </ClInclude>
    <ClInclude Include="..\..\..\addons\ofxAssimpModelLoader\libs\assimp\include\assimp\config.h">
      <Filter>addons\ofxAssimpModelLoader\libs\assimp\include\assimp</Filter>
    </ClInclude>
    <ClInclude Include="..\..\..\addons\ofxAssimpModelLoader\libs\assimp\include\assimp\CreateAnimMesh.h">
      <Filter>addons\ofxAssimpModelLoader\libs\assimp\include\assimp</Filter>
    </ClInclude>
    <ClInclude Include="..\..\..\addons\ofxAssimpModelLoader\libs\assimp\include\assimp\DefaultIOStream.h">
      <Filter>addons\ofxAssimpModelLoader\libs\assimp\include\assimp</Filter>
    </ClInclude>
    <ClInclude Include="..\..\..\addons\ofxAssimpModelLoader\libs\assimp\include\assimp\DefaultIOSystem.h">
      <Filter>addons\ofxAssimpModelLoader\libs\assimp\include\assimp</Filter>
    </ClInclude>
    <ClInclude Include="..\..\..\addons\ofxAssimpModelLoader\libs\assimp\include\assimp\DefaultLogger.hpp">
      <Filter>addons\ofxAssimpModelLoader\libs\assimp\include\assimp</Filter>
    </ClInclude>
    <ClInclude Include="..\..\..\addons\ofxAssimpModelLoader\libs\assimp\include\assimp\defs.h">
      <Filter>addons\ofxAssimpModelLoader\libs\assimp\include\assimp</Filter>
    </ClInclude>
    <ClInclude Include="..\..\..\addons\ofxAssimpModelLoader\libs\assimp\include\assimp\Exceptional.h">
      <Filter>addons\ofxAssimpModelLoader\libs\assimp\include\assimp</Filter>
    </ClInclude>
    <ClInclude Include="..\..\..\addons\ofxAssimpModelLoader\libs\assimp\include\assimp\Exporter.hpp">
      <Filter>addons\ofxAssimpModelLoader\libs\assimp\include\assimp</Filter>
    </ClInclude>
    <ClInclude Include="..\..\..\addons\ofxAssimpModelLoader\libs\assimp\include\assimp\fast_atof.h">
      <Filter>addons\ofxAssimpModelLoader\libs\assimp\include\assimp</Filter>
    </ClInclude>
    <ClInclude Include="..\..\..\addons\ofxAssimpModelLoader\libs\assimp\include\assimp\GenericProperty.h">
      <Filter>addons\ofxAssimpModelLoader\libs\assimp\include\assimp</Filter>
    </ClInclude>
    <ClInclude Include="..\..\..\addons\ofxAssimpModelLoader\libs\assimp\include\assimp\GltfMaterial.h">
      <Filter>addons\ofxAssimpModelLoader\libs\assimp\include\assimp</Filter>
    </ClInclude>
    <ClInclude Include="..\..\..\addons\ofxAssimpModelLoader\libs\assimp\include\assimp\Hash.h">
      <Filter>addons\ofxAssimpModelLoader\libs\assimp\include\assimp</Filter>
    </ClInclude>
    <ClInclude Include="..\..\..\addons\ofxAssimpModelLoader\libs\assimp\include\assimp\Importer.hpp">
      <Filter>addons\ofxAssimpModelLoader\libs\assimp\include\assimp</Filter>
    </ClInclude>
    <ClInclude Include="..\..\..\addons\ofxAssimpModelLoader\libs\assimp\include\assimp\importerdesc.h">
      <Filter>addons\ofxAssimpModelLoader\libs\assimp\include\assimp</Filter>
    </ClInclude>
    <ClInclude Include="..\..\..\addons\ofxAssimpModelLoader\libs\assimp\include\assimp\IOStream.hpp">
      <Filter>addons\ofxAssimpModelLoader\libs\assimp\include\assimp</Filter>
    </ClInclude>
    <ClInclude Include="..\..\..\addons\ofxAssimpModelLoader\libs\assimp\include\assimp\IOStreamBuffer.h">
      <Filter>addons\ofxAssimpModelLoader\libs\assimp\include\assimp</Filter>
    </ClInclude>
    <ClInclude Include="..\..\..\addons\ofxAssimpModelLoader\libs\assimp\include\assimp\IOSystem.hpp">
      <Filter>addons\ofxAssimpModelLoader\libs\assimp\include\assimp</Filter>
    </ClInclude>
    <ClInclude Include="..\..\..\addons\ofxAssimpModelLoader\libs\assimp\include\assimp\light.h">
      <Filter>addons\ofxAssimpModelLoader\libs\assimp\include\assimp</Filter>
    </ClInclude>
    <ClInclude Include="..\..\..\addons\ofxAssimpModelLoader\libs\assimp\include\assimp\LineSplitter.h">
      <Filter>addons\ofxAssimpModelLoader\libs\assimp\include\assimp</Filter>
    </ClInclude>
    <ClInclude Include="..\..\..\addons\ofxAssimpModelLoader\libs\assimp\include\assimp\LogAux.h">
      <Filter>addons\ofxAssimpModelLoader\libs\assimp\include\assimp</Filter>
    </ClInclude>
    <ClInclude Include="..\..\..\addons\ofxAssimpModelLoader\libs\assimp\include\assimp\Logger.hpp">
      <Filter>addons\ofxAssimpModelLoader\libs\assimp\include\assimp</Filter>
    </ClInclude>
    <ClInclude Include="..\..\..\addons\ofxAssimpModelLoader\libs\assimp\include\assimp\LogStream.hpp">
      <Filter>addons\ofxAssimpModelLoader\libs\assimp\include\assimp</Filter>
    </ClInclude>
    <ClInclude Include="..\..\..\addons\ofxAssimpModelLoader\libs\assimp\include\assimp\material.h">
      <Filter>addons\ofxAssimpModelLoader\libs\assimp\include\assimp</Filter>
    </ClInclude>
    <ClInclude Include="..\..\..\addons\ofxAssimpModelLoader\libs\assimp\include\assimp\MathFunctions.h">
      <Filter>addons\ofxAssimpModelLoader\libs\assimp\include\assimp</Filter>
    </ClInclude>
    <ClInclude Include="..\..\..\addons\ofxAssimpModelLoader\libs\assimp\include\assimp\matrix3x3.h">
      <Filter>addons\ofxAssimpModelLoader\libs\assimp\include\assimp</Filter>
    </ClInclude>
    <ClInclude Include="..\..\..\addons\ofxAssimpModelLoader\libs\assimp\include\assimp\matrix4x4.h">
      <Filter>addons\ofxAssimpModelLoader\libs\assimp\include\assimp</Filter>
    </ClInclude>
    <ClInclude Include="..\..\..\addons\ofxAssimpModelLoader\libs\assimp\include\assimp\MemoryIOWrapper.h">
      <Filter>addons\ofxAssimpModelLoader\libs\assimp\include\assimp</Filter>
    </ClInclude>
    <ClInclude Include="..\..\..\addons\ofxAssimpModelLoader\libs\assimp\include\assimp\mesh.h">
      <Filter>addons\ofxAssimpModelLoader\libs\assimp\include\assimp</Filter>
    </ClInclude>
    <ClInclude Include="..\..\..\addons\ofxAssimpModelLoader\libs\assimp\include\assimp\metadata.h">
      <Filter>addons\ofxAssimpModelLoader\libs\assimp\include\assimp</Filter>
    </ClInclude>
    <ClInclude Include="..\..\..\addons\ofxAssimpModelLoader\libs\assimp\include\assimp\NullLogger.hpp">
      <Filter>addons\ofxAssimpModelLoader\libs\assimp\include\assimp</Filter>
    </ClInclude>
    <ClInclude Include="..\..\..\addons\ofxAssimpModelLoader\libs\assimp\include\assimp\ObjMaterial.h">
      <Filter>addons\ofxAssimpModelLoader\libs\assimp\include\assimp</Filter>
    </ClInclude>
    <ClInclude Include="..\..\..\addons\ofxAssimpModelLoader\libs\assimp\include\assimp\ParsingUtils.h">
      <Filter>addons\ofxAssimpModelLoader\libs\assimp\include\assimp</Filter>
    </ClInclude>
    <ClInclude Include="..\..\..\addons\ofxAssimpModelLoader\libs\assimp\include\assimp\pbrmaterial.h">
      <Filter>addons\ofxAssimpModelLoader\libs\assimp\include\assimp</Filter>
    </ClInclude>
    <ClInclude Include="..\..\..\addons\ofxAssimpModelLoader\libs\assimp\include\assimp\port\AndroidJNI\AndroidJNIIOSystem.h">
      <Filter>addons\ofxAssimpModelLoader\libs\assimp\include\assimp\port\AndroidJNI</Filter>
    </ClInclude>
    <ClInclude Include="..\..\..\addons\ofxAssimpModelLoader\libs\assimp\include\assimp\port\AndroidJNI\BundledAssetIOSystem.h">
      <Filter>addons\ofxAssimpModelLoader\libs\assimp\include\assimp\port\AndroidJNI</Filter>
    </ClInclude>
    <ClInclude Include="..\..\..\addons\ofxAssimpModelLoader\libs\assimp\include\assimp\postprocess.h">
      <Filter>addons\ofxAssimpModelLoader\libs\assimp\include\assimp</Filter>
    </ClInclude>
    <ClInclude Include="..\..\..\addons\ofxAssimpModelLoader\libs\assimp\include\assimp\Profiler.h">
      <Filter>addons\ofxAssimpModelLoader\libs\assimp\include\assimp</Filter>
    </ClInclude>
    <ClInclude Include="..\..\..\addons\ofxAssimpModelLoader\libs\assimp\include\assimp\ProgressHandler.hpp">
      <Filter>addons\ofxAssimpModelLoader\libs\assimp\include\assimp</Filter>
    </ClInclude>
    <ClInclude Include="..\..\..\addons\ofxAssimpModelLoader\libs\assimp\include\assimp\qnan.h">
      <Filter>addons\ofxAssimpModelLoader\libs\assimp\include\assimp</Filter>
    </ClInclude>
    <ClInclude Include="..\..\..\addons\ofxAssimpModelLoader\libs\assimp\include\assimp\quaternion.h">
      <Filter>addons\ofxAssimpModelLoader\libs\assimp\include\assimp</Filter>
    </ClInclude>
    <ClInclude Include="..\..\..\addons\ofxAssimpModelLoader\libs\assimp\include\assimp\RemoveComments.h">
      <Filter>addons\ofxAssimpModelLoader\libs\assimp\include\assimp</Filter>
    </ClInclude>
    <ClInclude Include="..\..\..\addons\ofxAssimpModelLoader\libs\assimp\include\assimp\scene.h">
      <Filter>addons\ofxAssimpModelLoader\libs\assimp\include\assimp</Filter>
    </ClInclude>
    <ClInclude Include="..\..\..\addons\ofxAssimpModelLoader\libs\assimp\include\assimp\SceneCombiner.h">
      <Filter>addons\ofxAssimpModelLoader\libs\assimp\include\assimp</Filter>
    </ClInclude>
    <ClInclude Include="..\..\..\addons\ofxAssimpModelLoader\libs\assimp\include\assimp\SGSpatialSort.h">
      <Filter>addons\ofxAssimpModelLoader\libs\assimp\include\assimp</Filter>
    </ClInclude>
    <ClInclude Include="..\..\..\addons\ofxAssimpModelLoader\libs\assimp\include\assimp\SkeletonMeshBuilder.h">
      <Filter>addons\ofxAssimpModelLoader\libs\assimp\include\assimp</Filter>
    </ClInclude>
    <ClInclude Include="..\..\..\addons\ofxAssimpModelLoader\libs\assimp\include\assimp\SmallVector.h">
      <Filter>addons\ofxAssimpModelLoader\libs\assimp\include\assimp</Filter>
    </ClInclude>
    <ClInclude Include="..\..\..\addons\ofxAssimpModelLoader\libs\assimp\include\assimp\SmoothingGroups.h">
      <Filter>addons\ofxAssimpModelLoader\libs\assimp\include\assimp</Filter>
    </ClInclude>
    <ClInclude Include="..\..\..\addons\ofxAssimpModelLoader\libs\assimp\include\assimp\SpatialSort.h">
      <Filter>addons\ofxAssimpModelLoader\libs\assimp\include\assimp</Filter>
    </ClInclude>
    <ClInclude Include="..\..\..\addons\ofxAssimpModelLoader\libs\assimp\include\assimp\StandardShapes.h">
      <Filter>addons\ofxAssimpModelLoader\libs\assimp\include\assimp</Filter>
    </ClInclude>
    <ClInclude Include="..\..\..\addons\ofxAssimpModelLoader\libs\assimp\include\assimp\StreamReader.h">
      <Filter>addons\ofxAssimpModelLoader\libs\assimp\include\assimp</Filter>
    </ClInclude>
    <ClInclude Include="..\..\..\addons\ofxAssimpModelLoader\libs\assimp\include\assimp\StreamWriter.h">
      <Filter>addons\ofxAssimpModelLoader\libs\assimp\include\assimp</Filter>
    </ClInclude>
    <ClInclude Include="..\..\..\addons\ofxAssimpModelLoader\libs\assimp\include\assimp\StringComparison.h">
      <Filter>addons\ofxAssimpModelLoader\libs\assimp\include\assimp</Filter>
    </ClInclude>
    <ClInclude Include="..\..\..\addons\ofxAssimpModelLoader\libs\assimp\include\assimp\StringUtils.h">
      <Filter>addons\ofxAssimpModelLoader\libs\assimp\include\assimp</Filter>
    </ClInclude>
    <ClInclude Include="..\..\..\addons\ofxAssimpModelLoader\libs\assimp\include\assimp\Subdivision.h">
      <Filter>addons\ofxAssimpModelLoader\libs\assimp\include\assimp</Filter>
    </ClInclude>
    <ClInclude Include="..\..\..\addons\ofxAssimpModelLoader\libs\assimp\include\assimp\texture.h">
      <Filter>addons\ofxAssimpModelLoader\libs\assimp\include\assimp</Filter>
    </ClInclude>
    <ClInclude Include="..\..\..\addons\ofxAssimpModelLoader\libs\assimp\include\assimp\TinyFormatter.h">
      <Filter>addons\ofxAssimpModelLoader\libs\assimp\include\assimp</Filter>
    </ClInclude>
    <ClInclude Include="..\..\..\addons\ofxAssimpModelLoader\libs\assimp\include\assimp\types.h">
      <Filter>addons\ofxAssimpModelLoader\libs\assimp\include\assimp</Filter>
    </ClInclude>
    <ClInclude Include="..\..\..\addons\ofxAssimpModelLoader\libs\assimp\include\assimp\vector2.h">
      <Filter>addons\ofxAssimpModelLoader\libs\assimp\include\assimp</Filter>
    </ClInclude>
    <ClInclude Include="..\..\..\addons\ofxAssimpModelLoader\libs\assimp\include\assimp\vector3.h">
      <Filter>addons\ofxAssimpModelLoader\libs\assimp\include\assimp</Filter>
    </ClInclude>
    <ClInclude Include="..\..\..\addons\ofxAssimpModelLoader\libs\assimp\include\assimp\version.h">
      <Filter>addons\ofxAssimpModelLoader\libs\assimp\include\assimp</Filter>
    </ClInclude>
    <ClInclude Include="..\..\..\addons\ofxAssimpModelLoader\libs\assimp\include\assimp\Vertex.h">
      <Filter>addons\ofxAssimpModelLoader\libs\assimp\include\assimp</Filter>
    </ClInclude>
    <ClInclude Include="..\..\..\addons\ofxAssimpModelLoader\libs\assimp\include\assimp\XmlParser.h">
      <Filter>addons\ofxAssimpModelLoader\libs\assimp\include\assimp</Filter>
    </ClInclude>
    <ClInclude Include="..\..\..\addons\ofxAssimpModelLoader\libs\assimp\include\assimp\XMLTools.h">
      <Filter>addons\ofxAssimpModelLoader\libs\assimp\include\assimp</Filter>
    </ClInclude>
    <ClInclude Include="..\..\..\addons\ofxAssimpModelLoader\libs\assimp\include\assimp\ZipArchiveIOSystem.h">
      <Filter>addons\ofxAssimpModelLoader\libs\assimp\include\assimp</Filter>
    </ClInclude>
    <ClInclude Include="..\..\..\addons\ofxDatGui\src\components\ofxDatGui2dPad.h">
      <Filter>addons\ofxDatGui\src\components</Filter>
    </ClInclude>
    <ClInclude Include="..\..\..\addons\ofxDatGui\src\components\ofxDatGuiButton.h">
      <Filter>addons\ofxDatGui\src\components</Filter>
    </ClInclude>
    <ClInclude Include="..\..\..\addons\ofxDatGui\src\components\ofxDatGuiColorPicker.h">
      <Filter>addons\ofxDatGui\src\components</Filter>
    </ClInclude>
    <ClInclude Include="..\..\..\addons\ofxDatGui\src\components\ofxDatGuiControls.h">
      <Filter>addons\ofxDatGui\src\components</Filter>
    </ClInclude>
    <ClInclude Include="..\..\..\addons\ofxDatGui\src\components\ofxDatGuiFRM.h">
      <Filter>addons\ofxDatGui\src\components</Filter>
    </ClInclude>
    <ClInclude Include="..\..\..\addons\ofxDatGui\src\components\ofxDatGuiGroups.h">
      <Filter>addons\ofxDatGui\src\components</Filter>
    </ClInclude>
    <ClInclude Include="..\..\..\addons\ofxDatGui\src\components\ofxDatGuiLabel.h">
      <Filter>addons\ofxDatGui\src\components</Filter>
    </ClInclude>
    <ClInclude Include="..\..\..\addons\ofxDatGui\src\components\ofxDatGuiMatrix.h">
      <Filter>addons\ofxDatGui\src\components</Filter>
    </ClInclude>
    <ClInclude Include="..\..\..\addons\ofxDatGui\src\components\ofxDatGuiScrollView.h">
      <Filter>addons\ofxDatGui\src\components</Filter>
    </ClInclude>
    <ClInclude Include="..\..\..\addons\ofxDatGui\src\components\ofxDatGuiSlider.h">
      <Filter>addons\ofxDatGui\src\components</Filter>
    </ClInclude>
    <ClInclude Include="..\..\..\addons\ofxDatGui\src\components\ofxDatGuiTextInput.h">
      <Filter>addons\ofxDatGui\src\components</Filter>
    </ClInclude>
    <ClInclude Include="..\..\..\addons\ofxDatGui\src\components\ofxDatGuiTextInputField.h">
      <Filter>addons\ofxDatGui\src\components</Filter>
    </ClInclude>
    <ClInclude Include="..\..\..\addons\ofxDatGui\src\components\ofxDatGuiTimeGraph.h">
      <Filter>addons\ofxDatGui\src\components</Filter>
    </ClInclude>
    <ClInclude Include="..\..\..\addons\ofxDatGui\src\core\ofxDatGuiComponent.h">
      <Filter>addons\ofxDatGui\src\core</Filter>
    </ClInclude>
    <ClInclude Include="..\..\..\addons\ofxDatGui\src\core\ofxDatGuiConstants.h">
      <Filter>addons\ofxDatGui\src\core</Filter>
    </ClInclude>
    <ClInclude Include="..\..\..\addons\ofxDatGui\src\core\ofxDatGuiEvents.h">
      <Filter>addons\ofxDatGui\src\core</Filter>
    </ClInclude>
    <ClInclude Include="..\..\..\addons\ofxDatGui\src\core\ofxDatGuiIntObject.h">
      <Filter>addons\ofxDatGui\src\core</Filter>
    </ClInclude>
    <ClInclude Include="..\..\..\addons\ofxDatGui\src\libs\ofxSmartFont\ofxSmartFont.h">
      <Filter>addons\ofxDatGui\src\libs\ofxSmartFont</Filter>
    </ClInclude>
    <ClInclude Include="..\..\..\addons\ofxDatGui\src\ofxDatGui.h">
      <Filter>addons\ofxDatGui\src</Filter>
    </ClInclude>
    <ClInclude Include="..\..\..\addons\ofxDatGui\src\themes\ofxDatGuiTheme.h">
      <Filter>addons\ofxDatGui\src\themes</Filter>
    </ClInclude>
    <ClInclude Include="..\..\..\addons\ofxDatGui\src\themes\ofxDatGuiThemes.h">
      <Filter>addons\ofxDatGui\src\themes</Filter>
    </ClInclude>
    <ClInclude Include="..\..\..\addons\ofxGui\src\ofxBaseGui.h">
      <Filter>addons\ofxGui\src</Filter>
    </ClInclude>
    <ClInclude Include="..\..\..\addons\ofxGui\src\ofxButton.h">
      <Filter>addons\ofxGui\src</Filter>
    </ClInclude>
    <ClInclude Include="..\..\..\addons\ofxGui\src\ofxColorPicker.h">
      <Filter>addons\ofxGui\src</Filter>
    </ClInclude>
    <ClInclude Include="..\..\..\addons\ofxGui\src\ofxGui.h">
      <Filter>addons\ofxGui\src</Filter>
    </ClInclude>
    <ClInclude Include="..\..\..\addons\ofxGui\src\ofxGuiGroup.h">
      <Filter>addons\ofxGui\src</Filter>
    </ClInclude>
    <ClInclude Include="..\..\..\addons\ofxGui\src\ofxGuiUtils.h">
      <Filter>addons\ofxGui\src</Filter>
    </ClInclude>
    <ClInclude Include="..\..\..\addons\ofxGui\src\ofxInputField.h">
      <Filter>addons\ofxGui\src</Filter>
    </ClInclude>
    <ClInclude Include="..\..\..\addons\ofxGui\src\ofxLabel.h">
      <Filter>addons\ofxGui\src</Filter>
    </ClInclude>
    <ClInclude Include="..\..\..\addons\ofxGui\src\ofxPanel.h">
      <Filter>addons\ofxGui\src</Filter>
    </ClInclude>
    <ClInclude Include="..\..\..\addons\ofxGui\src\ofxSlider.h">
      <Filter>addons\ofxGui\src</Filter>
    </ClInclude>
    <ClInclude Include="..\..\..\addons\ofxGui\src\ofxSliderGroup.h">
      <Filter>addons\ofxGui\src</Filter>
    </ClInclude>
    <ClInclude Include="..\..\..\addons\ofxGui\src\ofxToggle.h">
      <Filter>addons\ofxGui\src</Filter>
    </ClInclude>
  </ItemGroup>
  <ItemGroup>
    <ResourceCompile Include="icon.rc" />
  </ItemGroup>
</Project>